// !$*UTF8*$!
{
	archiveVersion = 1;
	classes = {
	};
	objectVersion = 46;
	objects = {

/* Begin PBXBuildFile section */
		C5649DD73D7B6B7B2F3568AC /* Pods_54Days.framework in Frameworks */ = {isa = PBXBuildFile; fileRef = CE6CFBD32541CC9432F89DC4 /* Pods_54Days.framework */; };
		D10744D01F7A139300C0DC47 /* OtherPrayerTableViewCell.swift in Sources */ = {isa = PBXBuildFile; fileRef = D10744CF1F7A139300C0DC47 /* OtherPrayerTableViewCell.swift */; };
		D1197DD61EA9378300D2B1D1 /* NotesViewModel.swift in Sources */ = {isa = PBXBuildFile; fileRef = D1197DD51EA9378300D2B1D1 /* NotesViewModel.swift */; };
		D1264EC51E4A6C5A007123AD /* CalendarResetModalView.swift in Sources */ = {isa = PBXBuildFile; fileRef = D1264EC41E4A6C5A007123AD /* CalendarResetModalView.swift */; };
		D12A4FB41F6C265B00B2DEF4 /* PrayerViewController.swift in Sources */ = {isa = PBXBuildFile; fileRef = D12A4FB31F6C265B00B2DEF4 /* PrayerViewController.swift */; };
		D12A4FBA1F6F020B00B2DEF4 /* PrayerViewModel.swift in Sources */ = {isa = PBXBuildFile; fileRef = D12A4FB91F6F020B00B2DEF4 /* PrayerViewModel.swift */; };
		D12A4FBC1F6F027600B2DEF4 /* FileUtility.swift in Sources */ = {isa = PBXBuildFile; fileRef = D12A4FBB1F6F027600B2DEF4 /* FileUtility.swift */; };
		D12C59CB1F6A47A800131734 /* CellConfiguratorType.swift in Sources */ = {isa = PBXBuildFile; fileRef = D12C59CA1F6A47A800131734 /* CellConfiguratorType.swift */; };
		D12C59CE1F6A486200131734 /* CellUpdatable.swift in Sources */ = {isa = PBXBuildFile; fileRef = D12C59CD1F6A486200131734 /* CellUpdatable.swift */; };
		D12C59D01F6A488A00131734 /* CellConfiguratorSection.swift in Sources */ = {isa = PBXBuildFile; fileRef = D12C59CF1F6A488A00131734 /* CellConfiguratorSection.swift */; };
		D1389ADD1F3FF2BE001D53E0 /* RealmManager.swift in Sources */ = {isa = PBXBuildFile; fileRef = D1389ADC1F3FF2BE001D53E0 /* RealmManager.swift */; };
		D1389AE01F3FFB40001D53E0 /* Font.swift in Sources */ = {isa = PBXBuildFile; fileRef = D1389ADF1F3FFB40001D53E0 /* Font.swift */; };
		D1389AE81F400282001D53E0 /* UIColorExtensions.swift in Sources */ = {isa = PBXBuildFile; fileRef = D1389AE71F400282001D53E0 /* UIColorExtensions.swift */; };
		D1389AEA1F40059F001D53E0 /* DictionaryExtensions.swift in Sources */ = {isa = PBXBuildFile; fileRef = D1389AE91F40059F001D53E0 /* DictionaryExtensions.swift */; };
		D1389AEC1F4D659D001D53E0 /* UIEdgeInsetsExtensions.swift in Sources */ = {isa = PBXBuildFile; fileRef = D1389AEB1F4D659D001D53E0 /* UIEdgeInsetsExtensions.swift */; };
		D1389AEE1F507D7A001D53E0 /* TableViewUtility.swift in Sources */ = {isa = PBXBuildFile; fileRef = D1389AED1F507D7A001D53E0 /* TableViewUtility.swift */; };
		D1389AF01F507DB5001D53E0 /* TableCellConfigurator.swift in Sources */ = {isa = PBXBuildFile; fileRef = D1389AEF1F507DB5001D53E0 /* TableCellConfigurator.swift */; };
		D13B4A801E5294FE00069FEB /* HomeViewController.swift in Sources */ = {isa = PBXBuildFile; fileRef = D13B4A7F1E5294FE00069FEB /* HomeViewController.swift */; };
		D13B4A821E52980C00069FEB /* RosaryMystery.swift in Sources */ = {isa = PBXBuildFile; fileRef = D13B4A811E52980C00069FEB /* RosaryMystery.swift */; };
		D1433DA51E74C3AD00B05CBB /* AppCommon.swift in Sources */ = {isa = PBXBuildFile; fileRef = D1433DA41E74C3AD00B05CBB /* AppCommon.swift */; };
		D1433DA91E74C41B00B05CBB /* RosaryColor.swift in Sources */ = {isa = PBXBuildFile; fileRef = D1433DA81E74C41B00B05CBB /* RosaryColor.swift */; };
		D1443FB01E4483C200EB66DB /* CalendarHeaderView.xib in Resources */ = {isa = PBXBuildFile; fileRef = D1443FAF1E4483C200EB66DB /* CalendarHeaderView.xib */; };
		D1443FB21E44887B00EB66DB /* CalendarHeaderView.swift in Sources */ = {isa = PBXBuildFile; fileRef = D1443FB11E44887B00EB66DB /* CalendarHeaderView.swift */; };
		D1443FB41E4856E200EB66DB /* OldCalendarViewController.swift in Sources */ = {isa = PBXBuildFile; fileRef = D1443FB31E4856E200EB66DB /* OldCalendarViewController.swift */; };
		D1443FB61E492F1F00EB66DB /* PrayerType.swift in Sources */ = {isa = PBXBuildFile; fileRef = D1443FB51E492F1F00EB66DB /* PrayerType.swift */; };
		D14AB19C1F2B22E100B7FCBA /* UIViewExtensions.swift in Sources */ = {isa = PBXBuildFile; fileRef = D14AB19B1F2B22E100B7FCBA /* UIViewExtensions.swift */; };
		D14AB1A01F2B235A00B7FCBA /* Color.swift in Sources */ = {isa = PBXBuildFile; fileRef = D14AB19F1F2B235A00B7FCBA /* Color.swift */; };
		D14AB1A21F2B23B400B7FCBA /* CornerRadius.swift in Sources */ = {isa = PBXBuildFile; fileRef = D14AB1A11F2B23B400B7FCBA /* CornerRadius.swift */; };
		D14AB1A41F2B947100B7FCBA /* Spacing.swift in Sources */ = {isa = PBXBuildFile; fileRef = D14AB1A31F2B947100B7FCBA /* Spacing.swift */; };
		D14AB1A81F2DC55E00B7FCBA /* PrayerInfoTableViewCell.swift in Sources */ = {isa = PBXBuildFile; fileRef = D14AB1A71F2DC55E00B7FCBA /* PrayerInfoTableViewCell.swift */; };
		D14AB1AA1F2DC76B00B7FCBA /* UIScreenExtensions.swift in Sources */ = {isa = PBXBuildFile; fileRef = D14AB1A91F2DC76B00B7FCBA /* UIScreenExtensions.swift */; };
		D14AB1AC1F2DC99300B7FCBA /* TableViewController.swift in Sources */ = {isa = PBXBuildFile; fileRef = D14AB1AB1F2DC99300B7FCBA /* TableViewController.swift */; };
		D14CA5181FDE615A00B2EC09 /* CalendarViewController.swift in Sources */ = {isa = PBXBuildFile; fileRef = D14CA5171FDE615A00B2EC09 /* CalendarViewController.swift */; };
		D14CA51A1FDE63A000B2EC09 /* CalendarViewModel.swift in Sources */ = {isa = PBXBuildFile; fileRef = D14CA5191FDE63A000B2EC09 /* CalendarViewModel.swift */; };
		D14CA51E1FDE66F600B2EC09 /* ViewController.swift in Sources */ = {isa = PBXBuildFile; fileRef = D14CA51D1FDE66F600B2EC09 /* ViewController.swift */; };
		D151294D1FF3171D00DEB96C /* NavigationController.swift in Sources */ = {isa = PBXBuildFile; fileRef = D151294C1FF3171D00DEB96C /* NavigationController.swift */; };
		D15129561FF371D300DEB96C /* NanumBarunGothic.ttf in Resources */ = {isa = PBXBuildFile; fileRef = D15129541FF371D300DEB96C /* NanumBarunGothic.ttf */; };
		D15129571FF371D300DEB96C /* NanumBarunGothicBold.ttf in Resources */ = {isa = PBXBuildFile; fileRef = D15129551FF371D300DEB96C /* NanumBarunGothicBold.ttf */; };
		D155C8D81E1D7CF400236BF0 /* rosaryPrayers.json in Resources */ = {isa = PBXBuildFile; fileRef = D155C8D71E1D7CF400236BF0 /* rosaryPrayers.json */; };
		D16382ED1F75685800B74382 /* RosaryFinishingPrayerTableViewCell.swift in Sources */ = {isa = PBXBuildFile; fileRef = D16382EC1F75685800B74382 /* RosaryFinishingPrayerTableViewCell.swift */; };
		D16382EF1F78351900B74382 /* RosarySubMysteryTableViewCell.swift in Sources */ = {isa = PBXBuildFile; fileRef = D16382EE1F78351900B74382 /* RosarySubMysteryTableViewCell.swift */; };
		D172E00D1EA9809000BD9B07 /* NoteEditViewModel.swift in Sources */ = {isa = PBXBuildFile; fileRef = D172E00C1EA9809000BD9B07 /* NoteEditViewModel.swift */; };
		D17AEA4F1E7DCE10005CA1F2 /* NotesViewController.swift in Sources */ = {isa = PBXBuildFile; fileRef = D17AEA4E1E7DCE10005CA1F2 /* NotesViewController.swift */; };
		D17AEA511E7DD014005CA1F2 /* PrayerNote.swift in Sources */ = {isa = PBXBuildFile; fileRef = D17AEA501E7DD014005CA1F2 /* PrayerNote.swift */; };
		D17AEA531E7DDBFA005CA1F2 /* NoteEditViewController.swift in Sources */ = {isa = PBXBuildFile; fileRef = D17AEA521E7DDBFA005CA1F2 /* NoteEditViewController.swift */; };
		D17C4F4C1E8751B80070DA0A /* MainTabBarController.swift in Sources */ = {isa = PBXBuildFile; fileRef = D17C4F4B1E8751B80070DA0A /* MainTabBarController.swift */; };
		D17EEA731E3D4501005645C4 /* CalendarDayCellView.xib in Resources */ = {isa = PBXBuildFile; fileRef = D17EEA721E3D4501005645C4 /* CalendarDayCellView.xib */; };
		D17EEA751E3D4591005645C4 /* CalendarDayCellView.swift in Sources */ = {isa = PBXBuildFile; fileRef = D17EEA741E3D4591005645C4 /* CalendarDayCellView.swift */; };
		D1929B5A1F7845EC00198FFC /* ArrayExtensions.swift in Sources */ = {isa = PBXBuildFile; fileRef = D1929B591F7845EC00198FFC /* ArrayExtensions.swift */; };
		D1A1BBF51E4D6AA00003DE73 /* RosaryPeriod.swift in Sources */ = {isa = PBXBuildFile; fileRef = D1A1BBF41E4D6AA00003DE73 /* RosaryPeriod.swift */; };
		D1A5D08C1EB2CE4D001C1FFA /* OldCalendarViewModel.swift in Sources */ = {isa = PBXBuildFile; fileRef = D1A5D08B1EB2CE4D001C1FFA /* OldCalendarViewModel.swift */; };
		D1A997121E8DA8C3003C5C5C /* HomeViewModel.swift in Sources */ = {isa = PBXBuildFile; fileRef = D1A997111E8DA8C3003C5C5C /* HomeViewModel.swift */; };
		D1B7E8DC1F6FB195001EABC4 /* RosaryStartingPrayerTableViewCell.swift in Sources */ = {isa = PBXBuildFile; fileRef = D1B7E8DB1F6FB195001EABC4 /* RosaryStartingPrayerTableViewCell.swift */; };
		D1B85A241FD7D92B00C8DCCF /* UIStackViewExtensions.swift in Sources */ = {isa = PBXBuildFile; fileRef = D1B85A231FD7D92B00C8DCCF /* UIStackViewExtensions.swift */; };
		D1BAE4601FCD5AA6003CF968 /* RoundCardView.swift in Sources */ = {isa = PBXBuildFile; fileRef = D1BAE45F1FCD5AA6003CF968 /* RoundCardView.swift */; };
		D1CFD60F1E15BFFE00E5FE23 /* AppDelegate.swift in Sources */ = {isa = PBXBuildFile; fileRef = D1CFD60E1E15BFFE00E5FE23 /* AppDelegate.swift */; };
		D1CFD6141E15BFFE00E5FE23 /* Main.storyboard in Resources */ = {isa = PBXBuildFile; fileRef = D1CFD6121E15BFFE00E5FE23 /* Main.storyboard */; };
		D1CFD61C1E15BFFE00E5FE23 /* LaunchScreen.storyboard in Resources */ = {isa = PBXBuildFile; fileRef = D1CFD61A1E15BFFE00E5FE23 /* LaunchScreen.storyboard */; };
		D1D521B61E64CE86007B03C1 /* Assets.xcassets in Resources */ = {isa = PBXBuildFile; fileRef = D1D521B51E64CE86007B03C1 /* Assets.xcassets */; };
		D1DAD0371E42F7DE002300FC /* CalendarViewControllerExtension.swift in Sources */ = {isa = PBXBuildFile; fileRef = D1DAD0361E42F7DE002300FC /* CalendarViewControllerExtension.swift */; };
		D1F80E131FD14446007D856B /* Unicode.swift in Sources */ = {isa = PBXBuildFile; fileRef = D1F80E121FD14446007D856B /* Unicode.swift */; };
		D1F80E181FD49850007D856B /* OtherPrayerTableCellData.swift in Sources */ = {isa = PBXBuildFile; fileRef = D1F80E171FD49850007D856B /* OtherPrayerTableCellData.swift */; };
		D1FA0E0F1F38C44800E3A0E4 /* UITableViewCellExtensions.swift in Sources */ = {isa = PBXBuildFile; fileRef = D1FA0E0E1F38C44800E3A0E4 /* UITableViewCellExtensions.swift */; };
		D1FA0E221F3B66EE00E3A0E4 /* PrayerEntryTableViewCell.swift in Sources */ = {isa = PBXBuildFile; fileRef = D1FA0E211F3B66EE00E3A0E4 /* PrayerEntryTableViewCell.swift */; };
		D1FAB11D1F661F4100CEAA5B /* SpacingTableViewCell.swift in Sources */ = {isa = PBXBuildFile; fileRef = D1FAB11C1F661F4100CEAA5B /* SpacingTableViewCell.swift */; };
		D1FAB11F1F6625AE00CEAA5B /* UIViewControllerExtensions.swift in Sources */ = {isa = PBXBuildFile; fileRef = D1FAB11E1F6625AE00CEAA5B /* UIViewControllerExtensions.swift */; };
		D1FDDF2D1E28A429003B4189 /* prayers.json in Resources */ = {isa = PBXBuildFile; fileRef = D1FDDF2C1E28A429003B4189 /* prayers.json */; };
		D1FDDF2F1E28A469003B4189 /* OtherPrayer.swift in Sources */ = {isa = PBXBuildFile; fileRef = D1FDDF2E1E28A469003B4189 /* OtherPrayer.swift */; };
/* End PBXBuildFile section */

/* Begin PBXFileReference section */
		45C08E12F89B9E26CD63F6C7 /* Pods-54Days.release.xcconfig */ = {isa = PBXFileReference; includeInIndex = 1; lastKnownFileType = text.xcconfig; name = "Pods-54Days.release.xcconfig"; path = "Pods/Target Support Files/Pods-54Days/Pods-54Days.release.xcconfig"; sourceTree = "<group>"; };
		9280CFE11836EE8FA675D593 /* Pods-54Days.debug.xcconfig */ = {isa = PBXFileReference; includeInIndex = 1; lastKnownFileType = text.xcconfig; name = "Pods-54Days.debug.xcconfig"; path = "Pods/Target Support Files/Pods-54Days/Pods-54Days.debug.xcconfig"; sourceTree = "<group>"; };
		CE6CFBD32541CC9432F89DC4 /* Pods_54Days.framework */ = {isa = PBXFileReference; explicitFileType = wrapper.framework; includeInIndex = 0; path = Pods_54Days.framework; sourceTree = BUILT_PRODUCTS_DIR; };
		D102FF101EB1833700C6178A /* 54Days.app */ = {isa = PBXFileReference; explicitFileType = wrapper.application; includeInIndex = 0; path = 54Days.app; sourceTree = BUILT_PRODUCTS_DIR; };
		D10744CF1F7A139300C0DC47 /* OtherPrayerTableViewCell.swift */ = {isa = PBXFileReference; fileEncoding = 4; lastKnownFileType = sourcecode.swift; path = OtherPrayerTableViewCell.swift; sourceTree = "<group>"; };
		D1197DD51EA9378300D2B1D1 /* NotesViewModel.swift */ = {isa = PBXFileReference; fileEncoding = 4; lastKnownFileType = sourcecode.swift; path = NotesViewModel.swift; sourceTree = "<group>"; };
		D1264EC41E4A6C5A007123AD /* CalendarResetModalView.swift */ = {isa = PBXFileReference; fileEncoding = 4; lastKnownFileType = sourcecode.swift; path = CalendarResetModalView.swift; sourceTree = "<group>"; };
		D12A4FB31F6C265B00B2DEF4 /* PrayerViewController.swift */ = {isa = PBXFileReference; lastKnownFileType = sourcecode.swift; path = PrayerViewController.swift; sourceTree = "<group>"; };
		D12A4FB91F6F020B00B2DEF4 /* PrayerViewModel.swift */ = {isa = PBXFileReference; lastKnownFileType = sourcecode.swift; path = PrayerViewModel.swift; sourceTree = "<group>"; };
		D12A4FBB1F6F027600B2DEF4 /* FileUtility.swift */ = {isa = PBXFileReference; lastKnownFileType = sourcecode.swift; path = FileUtility.swift; sourceTree = "<group>"; };
		D12C59CA1F6A47A800131734 /* CellConfiguratorType.swift */ = {isa = PBXFileReference; lastKnownFileType = sourcecode.swift; path = CellConfiguratorType.swift; sourceTree = "<group>"; };
		D12C59CD1F6A486200131734 /* CellUpdatable.swift */ = {isa = PBXFileReference; lastKnownFileType = sourcecode.swift; path = CellUpdatable.swift; sourceTree = "<group>"; };
		D12C59CF1F6A488A00131734 /* CellConfiguratorSection.swift */ = {isa = PBXFileReference; lastKnownFileType = sourcecode.swift; path = CellConfiguratorSection.swift; sourceTree = "<group>"; };
		D1389ADC1F3FF2BE001D53E0 /* RealmManager.swift */ = {isa = PBXFileReference; fileEncoding = 4; lastKnownFileType = sourcecode.swift; path = RealmManager.swift; sourceTree = "<group>"; };
		D1389ADF1F3FFB40001D53E0 /* Font.swift */ = {isa = PBXFileReference; fileEncoding = 4; lastKnownFileType = sourcecode.swift; path = Font.swift; sourceTree = "<group>"; };
		D1389AE71F400282001D53E0 /* UIColorExtensions.swift */ = {isa = PBXFileReference; fileEncoding = 4; lastKnownFileType = sourcecode.swift; path = UIColorExtensions.swift; sourceTree = "<group>"; };
		D1389AE91F40059F001D53E0 /* DictionaryExtensions.swift */ = {isa = PBXFileReference; fileEncoding = 4; lastKnownFileType = sourcecode.swift; path = DictionaryExtensions.swift; sourceTree = "<group>"; };
		D1389AEB1F4D659D001D53E0 /* UIEdgeInsetsExtensions.swift */ = {isa = PBXFileReference; fileEncoding = 4; lastKnownFileType = sourcecode.swift; path = UIEdgeInsetsExtensions.swift; sourceTree = "<group>"; };
		D1389AED1F507D7A001D53E0 /* TableViewUtility.swift */ = {isa = PBXFileReference; fileEncoding = 4; lastKnownFileType = sourcecode.swift; name = TableViewUtility.swift; path = Utilities/TableViewUtility.swift; sourceTree = "<group>"; };
		D1389AEF1F507DB5001D53E0 /* TableCellConfigurator.swift */ = {isa = PBXFileReference; fileEncoding = 4; lastKnownFileType = sourcecode.swift; name = TableCellConfigurator.swift; path = Utilities/TableCellConfigurator.swift; sourceTree = "<group>"; };
		D13B4A7F1E5294FE00069FEB /* HomeViewController.swift */ = {isa = PBXFileReference; fileEncoding = 4; lastKnownFileType = sourcecode.swift; path = HomeViewController.swift; sourceTree = "<group>"; };
		D13B4A811E52980C00069FEB /* RosaryMystery.swift */ = {isa = PBXFileReference; fileEncoding = 4; lastKnownFileType = sourcecode.swift; path = RosaryMystery.swift; sourceTree = "<group>"; };
		D1433DA41E74C3AD00B05CBB /* AppCommon.swift */ = {isa = PBXFileReference; fileEncoding = 4; lastKnownFileType = sourcecode.swift; path = AppCommon.swift; sourceTree = "<group>"; };
		D1433DA81E74C41B00B05CBB /* RosaryColor.swift */ = {isa = PBXFileReference; fileEncoding = 4; lastKnownFileType = sourcecode.swift; path = RosaryColor.swift; sourceTree = "<group>"; };
		D1443FAF1E4483C200EB66DB /* CalendarHeaderView.xib */ = {isa = PBXFileReference; fileEncoding = 4; lastKnownFileType = file.xib; path = CalendarHeaderView.xib; sourceTree = "<group>"; };
		D1443FB11E44887B00EB66DB /* CalendarHeaderView.swift */ = {isa = PBXFileReference; fileEncoding = 4; lastKnownFileType = sourcecode.swift; path = CalendarHeaderView.swift; sourceTree = "<group>"; };
		D1443FB31E4856E200EB66DB /* OldCalendarViewController.swift */ = {isa = PBXFileReference; fileEncoding = 4; lastKnownFileType = sourcecode.swift; path = OldCalendarViewController.swift; sourceTree = "<group>"; };
		D1443FB51E492F1F00EB66DB /* PrayerType.swift */ = {isa = PBXFileReference; fileEncoding = 4; lastKnownFileType = sourcecode.swift; path = PrayerType.swift; sourceTree = "<group>"; };
		D14AB19B1F2B22E100B7FCBA /* UIViewExtensions.swift */ = {isa = PBXFileReference; fileEncoding = 4; lastKnownFileType = sourcecode.swift; name = UIViewExtensions.swift; path = Common/Extensions/UIViewExtensions.swift; sourceTree = "<group>"; };
		D14AB19F1F2B235A00B7FCBA /* Color.swift */ = {isa = PBXFileReference; fileEncoding = 4; lastKnownFileType = sourcecode.swift; name = Color.swift; path = Common/Color.swift; sourceTree = "<group>"; };
		D14AB1A11F2B23B400B7FCBA /* CornerRadius.swift */ = {isa = PBXFileReference; fileEncoding = 4; lastKnownFileType = sourcecode.swift; name = CornerRadius.swift; path = Common/CornerRadius.swift; sourceTree = "<group>"; };
		D14AB1A31F2B947100B7FCBA /* Spacing.swift */ = {isa = PBXFileReference; fileEncoding = 4; lastKnownFileType = sourcecode.swift; name = Spacing.swift; path = Common/Spacing.swift; sourceTree = "<group>"; };
		D14AB1A71F2DC55E00B7FCBA /* PrayerInfoTableViewCell.swift */ = {isa = PBXFileReference; fileEncoding = 4; lastKnownFileType = sourcecode.swift; path = PrayerInfoTableViewCell.swift; sourceTree = "<group>"; };
		D14AB1A91F2DC76B00B7FCBA /* UIScreenExtensions.swift */ = {isa = PBXFileReference; fileEncoding = 4; lastKnownFileType = sourcecode.swift; name = UIScreenExtensions.swift; path = Common/Extensions/UIScreenExtensions.swift; sourceTree = "<group>"; };
		D14AB1AB1F2DC99300B7FCBA /* TableViewController.swift */ = {isa = PBXFileReference; fileEncoding = 4; lastKnownFileType = sourcecode.swift; path = TableViewController.swift; sourceTree = "<group>"; };
		D14CA5141FDE605F00B2EC09 /* 54Days-Bridging-Header.h */ = {isa = PBXFileReference; lastKnownFileType = sourcecode.c.h; path = "54Days-Bridging-Header.h"; sourceTree = "<group>"; };
		D14CA5171FDE615A00B2EC09 /* CalendarViewController.swift */ = {isa = PBXFileReference; fileEncoding = 4; lastKnownFileType = sourcecode.swift; path = CalendarViewController.swift; sourceTree = "<group>"; };
		D14CA5191FDE63A000B2EC09 /* CalendarViewModel.swift */ = {isa = PBXFileReference; fileEncoding = 4; lastKnownFileType = sourcecode.swift; name = CalendarViewModel.swift; path = Modules/Calendar/ViewModel/CalendarViewModel.swift; sourceTree = "<group>"; };
		D14CA51D1FDE66F600B2EC09 /* ViewController.swift */ = {isa = PBXFileReference; fileEncoding = 4; lastKnownFileType = sourcecode.swift; name = ViewController.swift; path = Common/SubClasses/ViewControllers/ViewController.swift; sourceTree = "<group>"; };
		D151294C1FF3171D00DEB96C /* NavigationController.swift */ = {isa = PBXFileReference; lastKnownFileType = sourcecode.swift; path = NavigationController.swift; sourceTree = "<group>"; };
		D15129541FF371D300DEB96C /* NanumBarunGothic.ttf */ = {isa = PBXFileReference; lastKnownFileType = file; name = NanumBarunGothic.ttf; path = Resources/Fonts/NanumBarunGothic/NanumBarunGothic.ttf; sourceTree = "<group>"; };
		D15129551FF371D300DEB96C /* NanumBarunGothicBold.ttf */ = {isa = PBXFileReference; lastKnownFileType = file; name = NanumBarunGothicBold.ttf; path = Resources/Fonts/NanumBarunGothic/NanumBarunGothicBold.ttf; sourceTree = "<group>"; };
		D155C8D71E1D7CF400236BF0 /* rosaryPrayers.json */ = {isa = PBXFileReference; fileEncoding = 4; lastKnownFileType = text.json; path = rosaryPrayers.json; sourceTree = "<group>"; };
		D16382EC1F75685800B74382 /* RosaryFinishingPrayerTableViewCell.swift */ = {isa = PBXFileReference; lastKnownFileType = sourcecode.swift; path = RosaryFinishingPrayerTableViewCell.swift; sourceTree = "<group>"; };
		D16382EE1F78351900B74382 /* RosarySubMysteryTableViewCell.swift */ = {isa = PBXFileReference; lastKnownFileType = sourcecode.swift; path = RosarySubMysteryTableViewCell.swift; sourceTree = "<group>"; };
		D172E00C1EA9809000BD9B07 /* NoteEditViewModel.swift */ = {isa = PBXFileReference; fileEncoding = 4; lastKnownFileType = sourcecode.swift; path = NoteEditViewModel.swift; sourceTree = "<group>"; };
		D17AEA4E1E7DCE10005CA1F2 /* NotesViewController.swift */ = {isa = PBXFileReference; fileEncoding = 4; lastKnownFileType = sourcecode.swift; path = NotesViewController.swift; sourceTree = "<group>"; };
		D17AEA501E7DD014005CA1F2 /* PrayerNote.swift */ = {isa = PBXFileReference; fileEncoding = 4; lastKnownFileType = sourcecode.swift; path = PrayerNote.swift; sourceTree = "<group>"; };
		D17AEA521E7DDBFA005CA1F2 /* NoteEditViewController.swift */ = {isa = PBXFileReference; fileEncoding = 4; lastKnownFileType = sourcecode.swift; path = NoteEditViewController.swift; sourceTree = "<group>"; };
		D17C4F4B1E8751B80070DA0A /* MainTabBarController.swift */ = {isa = PBXFileReference; fileEncoding = 4; lastKnownFileType = sourcecode.swift; path = MainTabBarController.swift; sourceTree = "<group>"; };
		D17EEA721E3D4501005645C4 /* CalendarDayCellView.xib */ = {isa = PBXFileReference; fileEncoding = 4; lastKnownFileType = file.xib; path = CalendarDayCellView.xib; sourceTree = "<group>"; };
		D17EEA741E3D4591005645C4 /* CalendarDayCellView.swift */ = {isa = PBXFileReference; fileEncoding = 4; lastKnownFileType = sourcecode.swift; path = CalendarDayCellView.swift; sourceTree = "<group>"; };
		D1929B591F7845EC00198FFC /* ArrayExtensions.swift */ = {isa = PBXFileReference; lastKnownFileType = sourcecode.swift; path = ArrayExtensions.swift; sourceTree = "<group>"; };
		D1A1BBF41E4D6AA00003DE73 /* RosaryPeriod.swift */ = {isa = PBXFileReference; fileEncoding = 4; lastKnownFileType = sourcecode.swift; path = RosaryPeriod.swift; sourceTree = "<group>"; };
		D1A5D08B1EB2CE4D001C1FFA /* OldCalendarViewModel.swift */ = {isa = PBXFileReference; fileEncoding = 4; lastKnownFileType = sourcecode.swift; path = OldCalendarViewModel.swift; sourceTree = "<group>"; };
		D1A997111E8DA8C3003C5C5C /* HomeViewModel.swift */ = {isa = PBXFileReference; fileEncoding = 4; lastKnownFileType = sourcecode.swift; path = HomeViewModel.swift; sourceTree = "<group>"; };
		D1B7E8DB1F6FB195001EABC4 /* RosaryStartingPrayerTableViewCell.swift */ = {isa = PBXFileReference; lastKnownFileType = sourcecode.swift; path = RosaryStartingPrayerTableViewCell.swift; sourceTree = "<group>"; };
		D1B85A231FD7D92B00C8DCCF /* UIStackViewExtensions.swift */ = {isa = PBXFileReference; fileEncoding = 4; lastKnownFileType = sourcecode.swift; path = UIStackViewExtensions.swift; sourceTree = "<group>"; };
		D1BAE45F1FCD5AA6003CF968 /* RoundCardView.swift */ = {isa = PBXFileReference; fileEncoding = 4; lastKnownFileType = sourcecode.swift; path = RoundCardView.swift; sourceTree = "<group>"; };
		D1CFD60E1E15BFFE00E5FE23 /* AppDelegate.swift */ = {isa = PBXFileReference; lastKnownFileType = sourcecode.swift; path = AppDelegate.swift; sourceTree = "<group>"; };
		D1CFD6131E15BFFE00E5FE23 /* Base */ = {isa = PBXFileReference; lastKnownFileType = file.storyboard; name = Base; path = Base.lproj/Main.storyboard; sourceTree = "<group>"; };
		D1CFD61B1E15BFFE00E5FE23 /* Base */ = {isa = PBXFileReference; lastKnownFileType = file.storyboard; name = Base; path = Base.lproj/LaunchScreen.storyboard; sourceTree = "<group>"; };
		D1CFD61D1E15BFFE00E5FE23 /* Info.plist */ = {isa = PBXFileReference; lastKnownFileType = text.plist.xml; path = Info.plist; sourceTree = "<group>"; };
		D1D521B51E64CE86007B03C1 /* Assets.xcassets */ = {isa = PBXFileReference; lastKnownFileType = folder.assetcatalog; path = Assets.xcassets; sourceTree = "<group>"; };
		D1DAD0361E42F7DE002300FC /* CalendarViewControllerExtension.swift */ = {isa = PBXFileReference; fileEncoding = 4; lastKnownFileType = sourcecode.swift; path = CalendarViewControllerExtension.swift; sourceTree = "<group>"; };
		D1F80E121FD14446007D856B /* Unicode.swift */ = {isa = PBXFileReference; fileEncoding = 4; lastKnownFileType = sourcecode.swift; name = Unicode.swift; path = String/Unicode.swift; sourceTree = "<group>"; };
		D1F80E171FD49850007D856B /* OtherPrayerTableCellData.swift */ = {isa = PBXFileReference; fileEncoding = 4; lastKnownFileType = sourcecode.swift; path = OtherPrayerTableCellData.swift; sourceTree = "<group>"; };
		D1FA0E0E1F38C44800E3A0E4 /* UITableViewCellExtensions.swift */ = {isa = PBXFileReference; fileEncoding = 4; lastKnownFileType = sourcecode.swift; path = UITableViewCellExtensions.swift; sourceTree = "<group>"; };
		D1FA0E211F3B66EE00E3A0E4 /* PrayerEntryTableViewCell.swift */ = {isa = PBXFileReference; fileEncoding = 4; lastKnownFileType = sourcecode.swift; path = PrayerEntryTableViewCell.swift; sourceTree = "<group>"; };
		D1FAB11C1F661F4100CEAA5B /* SpacingTableViewCell.swift */ = {isa = PBXFileReference; fileEncoding = 4; lastKnownFileType = sourcecode.swift; path = SpacingTableViewCell.swift; sourceTree = "<group>"; };
		D1FAB11E1F6625AE00CEAA5B /* UIViewControllerExtensions.swift */ = {isa = PBXFileReference; fileEncoding = 4; lastKnownFileType = sourcecode.swift; path = UIViewControllerExtensions.swift; sourceTree = "<group>"; };
		D1FDDF2C1E28A429003B4189 /* prayers.json */ = {isa = PBXFileReference; fileEncoding = 4; lastKnownFileType = text.json; path = prayers.json; sourceTree = "<group>"; };
		D1FDDF2E1E28A469003B4189 /* OtherPrayer.swift */ = {isa = PBXFileReference; fileEncoding = 4; lastKnownFileType = sourcecode.swift; path = OtherPrayer.swift; sourceTree = "<group>"; };
/* End PBXFileReference section */

/* Begin PBXFrameworksBuildPhase section */
		D1CFD6081E15BFFE00E5FE23 /* Frameworks */ = {
			isa = PBXFrameworksBuildPhase;
			buildActionMask = 2147483647;
			files = (
				C5649DD73D7B6B7B2F3568AC /* Pods_54Days.framework in Frameworks */,
			);
			runOnlyForDeploymentPostprocessing = 0;
		};
/* End PBXFrameworksBuildPhase section */

/* Begin PBXGroup section */
		D10744CE1F7A135000C0DC47 /* Other */ = {
			isa = PBXGroup;
			children = (
				D10744CF1F7A139300C0DC47 /* OtherPrayerTableViewCell.swift */,
				D1F80E171FD49850007D856B /* OtherPrayerTableCellData.swift */,
			);
			name = Other;
			sourceTree = "<group>";
		};
		D10744D31F80664200C0DC47 /* Calendar */ = {
			isa = PBXGroup;
			children = (
				D10744D61F80666000C0DC47 /* View */,
				D10744D51F80665800C0DC47 /* ViewModel */,
				D10744D41F80665300C0DC47 /* Model */,
			);
			name = Calendar;
			sourceTree = "<group>";
		};
		D10744D41F80665300C0DC47 /* Model */ = {
			isa = PBXGroup;
			children = (
			);
			name = Model;
			sourceTree = "<group>";
		};
		D10744D51F80665800C0DC47 /* ViewModel */ = {
			isa = PBXGroup;
			children = (
				D14CA5191FDE63A000B2EC09 /* CalendarViewModel.swift */,
			);
			name = ViewModel;
			sourceTree = "<group>";
		};
		D10744D61F80666000C0DC47 /* View */ = {
			isa = PBXGroup;
			children = (
				D14CA5171FDE615A00B2EC09 /* CalendarViewController.swift */,
			);
			name = View;
			sourceTree = "<group>";
		};
		D12A4FAE1F6C260B00B2DEF4 /* Prayer */ = {
			isa = PBXGroup;
			children = (
				D12A4FAF1F6C261900B2DEF4 /* View */,
				D12A4FB11F6C262200B2DEF4 /* ViewModel */,
			);
			name = Prayer;
			sourceTree = "<group>";
		};
		D12A4FAF1F6C261900B2DEF4 /* View */ = {
			isa = PBXGroup;
			children = (
				D10744CE1F7A135000C0DC47 /* Other */,
				D16382F21F783A3400B74382 /* Rosary */,
				D12A4FB31F6C265B00B2DEF4 /* PrayerViewController.swift */,
			);
			name = View;
			sourceTree = "<group>";
		};
		D12A4FB11F6C262200B2DEF4 /* ViewModel */ = {
			isa = PBXGroup;
			children = (
				D12A4FB91F6F020B00B2DEF4 /* PrayerViewModel.swift */,
			);
			name = ViewModel;
			sourceTree = "<group>";
		};
		D12A4FB21F6C264300B2DEF4 /* Entity */ = {
			isa = PBXGroup;
			children = (
				D1443FB51E492F1F00EB66DB /* PrayerType.swift */,
				D13B4A811E52980C00069FEB /* RosaryMystery.swift */,
				D1FDDF2E1E28A469003B4189 /* OtherPrayer.swift */,
			);
			name = Entity;
			sourceTree = "<group>";
		};
		D12C59CC1F6A481E00131734 /* CommonCells */ = {
			isa = PBXGroup;
			children = (
				D1FAB11C1F661F4100CEAA5B /* SpacingTableViewCell.swift */,
			);
			name = CommonCells;
			sourceTree = "<group>";
		};
		D14AB1991F2B228300B7FCBA /* Common */ = {
			isa = PBXGroup;
			children = (
				D12A4FB21F6C264300B2DEF4 /* Entity */,
				D1FA0E171F3AE13000E3A0E4 /* Constants */,
				D1FA0E181F3AE14E00E3A0E4 /* SubClasses */,
				D1FA0E0B1F38586700E3A0E4 /* Utilities */,
				D14AB19A1F2B228B00B7FCBA /* Extensions */,
			);
			name = Common;
			sourceTree = "<group>";
		};
		D14AB19A1F2B228B00B7FCBA /* Extensions */ = {
			isa = PBXGroup;
			children = (
				D14AB19B1F2B22E100B7FCBA /* UIViewExtensions.swift */,
				D14AB1A91F2DC76B00B7FCBA /* UIScreenExtensions.swift */,
				D1FA0E0E1F38C44800E3A0E4 /* UITableViewCellExtensions.swift */,
				D1389AE71F400282001D53E0 /* UIColorExtensions.swift */,
				D1389AE91F40059F001D53E0 /* DictionaryExtensions.swift */,
				D1389AEB1F4D659D001D53E0 /* UIEdgeInsetsExtensions.swift */,
				D1FAB11E1F6625AE00CEAA5B /* UIViewControllerExtensions.swift */,
				D1929B591F7845EC00198FFC /* ArrayExtensions.swift */,
				D1B85A231FD7D92B00C8DCCF /* UIStackViewExtensions.swift */,
			);
			name = Extensions;
			sourceTree = "<group>";
		};
		D14AB19D1F2B231C00B7FCBA /* Modules */ = {
			isa = PBXGroup;
			children = (
				D10744D31F80664200C0DC47 /* Calendar */,
				D12A4FAE1F6C260B00B2DEF4 /* Prayer */,
				D14AB19E1F2B232400B7FCBA /* Home */,
			);
			name = Modules;
			sourceTree = "<group>";
		};
		D14AB19E1F2B232400B7FCBA /* Home */ = {
			isa = PBXGroup;
			children = (
				D1FA0E1B1F3AE48200E3A0E4 /* View */,
				D1FA0E1A1F3AE47D00E3A0E4 /* ViewModel */,
			);
			name = Home;
			sourceTree = "<group>";
		};
		D14CA5151FDE60F900B2EC09 /* ViewControllers */ = {
			isa = PBXGroup;
			children = (
				D14CA51D1FDE66F600B2EC09 /* ViewController.swift */,
				D17C4F4B1E8751B80070DA0A /* MainTabBarController.swift */,
				D14AB1AB1F2DC99300B7FCBA /* TableViewController.swift */,
				D151294C1FF3171D00DEB96C /* NavigationController.swift */,
			);
			name = ViewControllers;
			sourceTree = "<group>";
		};
		D14CA5161FDE60FE00B2EC09 /* Views */ = {
			isa = PBXGroup;
			children = (
				D1BAE45F1FCD5AA6003CF968 /* RoundCardView.swift */,
			);
			name = Views;
			sourceTree = "<group>";
		};
		D151294E1FF370D500DEB96C /* Resources */ = {
			isa = PBXGroup;
			children = (
				D151294F1FF370DF00DEB96C /* Fonts */,
			);
			name = Resources;
			sourceTree = "<group>";
		};
		D151294F1FF370DF00DEB96C /* Fonts */ = {
			isa = PBXGroup;
			children = (
				D15129541FF371D300DEB96C /* NanumBarunGothic.ttf */,
				D15129551FF371D300DEB96C /* NanumBarunGothicBold.ttf */,
			);
			name = Fonts;
			sourceTree = "<group>";
		};
		D16382F01F783A2700B74382 /* StartingPrayer */ = {
			isa = PBXGroup;
			children = (
				D1B7E8DB1F6FB195001EABC4 /* RosaryStartingPrayerTableViewCell.swift */,
			);
			name = StartingPrayer;
			sourceTree = "<group>";
		};
		D16382F11F783A3200B74382 /* Finishing */ = {
			isa = PBXGroup;
			children = (
				D16382EC1F75685800B74382 /* RosaryFinishingPrayerTableViewCell.swift */,
			);
			name = Finishing;
			sourceTree = "<group>";
		};
		D16382F21F783A3400B74382 /* Rosary */ = {
			isa = PBXGroup;
			children = (
				D16382F01F783A2700B74382 /* StartingPrayer */,
				D16382F11F783A3200B74382 /* Finishing */,
				D16382F31F783A4400B74382 /* SubMystery */,
			);
			name = Rosary;
			sourceTree = "<group>";
		};
		D16382F31F783A4400B74382 /* SubMystery */ = {
			isa = PBXGroup;
			children = (
				D16382EE1F78351900B74382 /* RosarySubMysteryTableViewCell.swift */,
			);
			name = SubMystery;
			sourceTree = "<group>";
		};
		D17EEA941E3D781A005645C4 /* JTAppleCalendar */ = {
			isa = PBXGroup;
			children = (
				D17EEA721E3D4501005645C4 /* CalendarDayCellView.xib */,
				D17EEA741E3D4591005645C4 /* CalendarDayCellView.swift */,
				D1443FAF1E4483C200EB66DB /* CalendarHeaderView.xib */,
				D1443FB11E44887B00EB66DB /* CalendarHeaderView.swift */,
			);
			name = JTAppleCalendar;
			sourceTree = "<group>";
		};
		D17EEA951E3D782E005645C4 /* JSON Files */ = {
			isa = PBXGroup;
			children = (
				D1FDDF2C1E28A429003B4189 /* prayers.json */,
				D155C8D71E1D7CF400236BF0 /* rosaryPrayers.json */,
			);
			name = "JSON Files";
			sourceTree = "<group>";
		};
		D1B0C8C61EA7ED3300CCEBB9 /* CalendarTab */ = {
			isa = PBXGroup;
			children = (
				D1D521B21E64C4A0007B03C1 /* CalendarVC */,
				D17EEA941E3D781A005645C4 /* JTAppleCalendar */,
			);
			name = CalendarTab;
			sourceTree = "<group>";
		};
		D1B0C8C71EA7F15700CCEBB9 /* PrayerNotesTab */ = {
			isa = PBXGroup;
			children = (
				D1C0DFAD1EB17B4D00681F08 /* RealmModel */,
				D1C0DFAE1EB17B6900681F08 /* NotesVC */,
				D1C0DFAF1EB17B7C00681F08 /* NoteEditVC */,
			);
			name = PrayerNotesTab;
			sourceTree = "<group>";
		};
		D1B85A251FD84C4600C8DCCF /* Cells */ = {
			isa = PBXGroup;
			children = (
				D14AB1A71F2DC55E00B7FCBA /* PrayerInfoTableViewCell.swift */,
				D1FA0E211F3B66EE00E3A0E4 /* PrayerEntryTableViewCell.swift */,
			);
			name = Cells;
			sourceTree = "<group>";
		};
		D1C0DFAD1EB17B4D00681F08 /* RealmModel */ = {
			isa = PBXGroup;
			children = (
				D17AEA501E7DD014005CA1F2 /* PrayerNote.swift */,
			);
			name = RealmModel;
			sourceTree = "<group>";
		};
		D1C0DFAE1EB17B6900681F08 /* NotesVC */ = {
			isa = PBXGroup;
			children = (
				D17AEA4E1E7DCE10005CA1F2 /* NotesViewController.swift */,
				D1197DD51EA9378300D2B1D1 /* NotesViewModel.swift */,
			);
			name = NotesVC;
			sourceTree = "<group>";
		};
		D1C0DFAF1EB17B7C00681F08 /* NoteEditVC */ = {
			isa = PBXGroup;
			children = (
				D172E00C1EA9809000BD9B07 /* NoteEditViewModel.swift */,
				D17AEA521E7DDBFA005CA1F2 /* NoteEditViewController.swift */,
			);
			name = NoteEditVC;
			sourceTree = "<group>";
		};
		D1CFD6021E15BFFE00E5FE23 = {
			isa = PBXGroup;
			children = (
				D1CFD60D1E15BFFE00E5FE23 /* 54Days */,
				E345FC7B71F21C29BB6D93C8 /* Pods */,
				F6CA92315A1211F70729CB6C /* Frameworks */,
				D102FF101EB1833700C6178A /* 54Days.app */,
			);
			sourceTree = "<group>";
		};
		D1CFD60D1E15BFFE00E5FE23 /* 54Days */ = {
			isa = PBXGroup;
			children = (
				D151294E1FF370D500DEB96C /* Resources */,
				D14AB19D1F2B231C00B7FCBA /* Modules */,
				D14AB1991F2B228300B7FCBA /* Common */,
				D1D521B51E64CE86007B03C1 /* Assets.xcassets */,
				D1CFD6121E15BFFE00E5FE23 /* Main.storyboard */,
				D1CFD61A1E15BFFE00E5FE23 /* LaunchScreen.storyboard */,
				D1CFD60E1E15BFFE00E5FE23 /* AppDelegate.swift */,
				D1433DA41E74C3AD00B05CBB /* AppCommon.swift */,
				D1DAD0381E42F7FC002300FC /* CommonModel */,
				D1B0C8C71EA7F15700CCEBB9 /* PrayerNotesTab */,
				D1B0C8C61EA7ED3300CCEBB9 /* CalendarTab */,
				D17EEA951E3D782E005645C4 /* JSON Files */,
				D1CFD61D1E15BFFE00E5FE23 /* Info.plist */,
				D14CA5141FDE605F00B2EC09 /* 54Days-Bridging-Header.h */,
			);
			path = 54Days;
			sourceTree = "<group>";
		};
		D1D4DADA1EA7E77400933379 /* Realm */ = {
			isa = PBXGroup;
			children = (
				D1A1BBF41E4D6AA00003DE73 /* RosaryPeriod.swift */,
			);
			name = Realm;
			sourceTree = "<group>";
		};
		D1D521B21E64C4A0007B03C1 /* CalendarVC */ = {
			isa = PBXGroup;
			children = (
				D1264EC41E4A6C5A007123AD /* CalendarResetModalView.swift */,
				D1DAD0361E42F7DE002300FC /* CalendarViewControllerExtension.swift */,
				D1443FB31E4856E200EB66DB /* OldCalendarViewController.swift */,
				D1A5D08B1EB2CE4D001C1FFA /* OldCalendarViewModel.swift */,
			);
			name = CalendarVC;
			sourceTree = "<group>";
		};
		D1DAD0381E42F7FC002300FC /* CommonModel */ = {
			isa = PBXGroup;
			children = (
				D1D4DADA1EA7E77400933379 /* Realm */,
				D1433DA81E74C41B00B05CBB /* RosaryColor.swift */,
			);
			name = CommonModel;
			sourceTree = "<group>";
		};
		D1F80E111FD14424007D856B /* Unicode */ = {
			isa = PBXGroup;
			children = (
				D1F80E121FD14446007D856B /* Unicode.swift */,
			);
			name = Unicode;
			sourceTree = "<group>";
		};
		D1F80E161FD495B3007D856B /* CellConfigurator */ = {
			isa = PBXGroup;
			children = (
				D12C59CA1F6A47A800131734 /* CellConfiguratorType.swift */,
				D12C59CD1F6A486200131734 /* CellUpdatable.swift */,
				D12C59CF1F6A488A00131734 /* CellConfiguratorSection.swift */,
			);
			name = CellConfigurator;
			sourceTree = "<group>";
		};
		D1FA0E0B1F38586700E3A0E4 /* Utilities */ = {
			isa = PBXGroup;
			children = (
				D1FAB11B1F661F1B00CEAA5B /* TableView */,
				D12A4FBB1F6F027600B2DEF4 /* FileUtility.swift */,
				D1389ADC1F3FF2BE001D53E0 /* RealmManager.swift */,
			);
			name = Utilities;
			sourceTree = "<group>";
		};
		D1FA0E171F3AE13000E3A0E4 /* Constants */ = {
			isa = PBXGroup;
			children = (
				D1F80E111FD14424007D856B /* Unicode */,
				D14AB19F1F2B235A00B7FCBA /* Color.swift */,
				D14AB1A11F2B23B400B7FCBA /* CornerRadius.swift */,
				D14AB1A31F2B947100B7FCBA /* Spacing.swift */,
				D1389ADF1F3FFB40001D53E0 /* Font.swift */,
			);
			name = Constants;
			sourceTree = "<group>";
		};
		D1FA0E181F3AE14E00E3A0E4 /* SubClasses */ = {
			isa = PBXGroup;
			children = (
				D14CA5161FDE60FE00B2EC09 /* Views */,
				D14CA5151FDE60F900B2EC09 /* ViewControllers */,
			);
			name = SubClasses;
			sourceTree = "<group>";
		};
		D1FA0E1A1F3AE47D00E3A0E4 /* ViewModel */ = {
			isa = PBXGroup;
			children = (
				D1A997111E8DA8C3003C5C5C /* HomeViewModel.swift */,
			);
			name = ViewModel;
			sourceTree = "<group>";
		};
		D1FA0E1B1F3AE48200E3A0E4 /* View */ = {
			isa = PBXGroup;
			children = (
				D1B85A251FD84C4600C8DCCF /* Cells */,
				D13B4A7F1E5294FE00069FEB /* HomeViewController.swift */,
			);
			name = View;
			sourceTree = "<group>";
		};
		D1FAB11B1F661F1B00CEAA5B /* TableView */ = {
			isa = PBXGroup;
			children = (
				D1F80E161FD495B3007D856B /* CellConfigurator */,
				D12C59CC1F6A481E00131734 /* CommonCells */,
				D1389AED1F507D7A001D53E0 /* TableViewUtility.swift */,
				D1389AEF1F507DB5001D53E0 /* TableCellConfigurator.swift */,
			);
			name = TableView;
			sourceTree = "<group>";
		};
		E345FC7B71F21C29BB6D93C8 /* Pods */ = {
			isa = PBXGroup;
			children = (
				9280CFE11836EE8FA675D593 /* Pods-54Days.debug.xcconfig */,
				45C08E12F89B9E26CD63F6C7 /* Pods-54Days.release.xcconfig */,
			);
			name = Pods;
			sourceTree = "<group>";
		};
		F6CA92315A1211F70729CB6C /* Frameworks */ = {
			isa = PBXGroup;
			children = (
				CE6CFBD32541CC9432F89DC4 /* Pods_54Days.framework */,
			);
			name = Frameworks;
			sourceTree = "<group>";
		};
/* End PBXGroup section */

/* Begin PBXNativeTarget section */
		D1CFD60A1E15BFFE00E5FE23 /* 54Days */ = {
			isa = PBXNativeTarget;
			buildConfigurationList = D1CFD6201E15BFFE00E5FE23 /* Build configuration list for PBXNativeTarget "54Days" */;
			buildPhases = (
				67D11C7A12664ED2E3C4ACD8 /* [CP] Check Pods Manifest.lock */,
				D1CFD6071E15BFFE00E5FE23 /* Sources */,
				D1CFD6081E15BFFE00E5FE23 /* Frameworks */,
				D1CFD6091E15BFFE00E5FE23 /* Resources */,
				3D02B13B357C4C4CA1339950 /* [CP] Embed Pods Frameworks */,
				09A2222765017188E58C5FF5 /* [CP] Copy Pods Resources */,
			);
			buildRules = (
			);
			dependencies = (
			);
			name = 54Days;
			productName = Rosary;
			productReference = D102FF101EB1833700C6178A /* 54Days.app */;
			productType = "com.apple.product-type.application";
		};
/* End PBXNativeTarget section */

/* Begin PBXProject section */
		D1CFD6031E15BFFE00E5FE23 /* Project object */ = {
			isa = PBXProject;
			attributes = {
				LastSwiftUpdateCheck = 0810;
				LastUpgradeCheck = 0830;
				ORGANIZATIONNAME = sang;
				TargetAttributes = {
					D1CFD60A1E15BFFE00E5FE23 = {
						CreatedOnToolsVersion = 8.1;
						ProvisioningStyle = Automatic;
					};
				};
			};
			buildConfigurationList = D1CFD6061E15BFFE00E5FE23 /* Build configuration list for PBXProject "54Days" */;
			compatibilityVersion = "Xcode 3.2";
			developmentRegion = English;
			hasScannedForEncodings = 0;
			knownRegions = (
				en,
				Base,
			);
			mainGroup = D1CFD6021E15BFFE00E5FE23;
			productRefGroup = D1CFD6021E15BFFE00E5FE23;
			projectDirPath = "";
			projectRoot = "";
			targets = (
				D1CFD60A1E15BFFE00E5FE23 /* 54Days */,
			);
		};
/* End PBXProject section */

/* Begin PBXResourcesBuildPhase section */
		D1CFD6091E15BFFE00E5FE23 /* Resources */ = {
			isa = PBXResourcesBuildPhase;
			buildActionMask = 2147483647;
			files = (
				D17EEA731E3D4501005645C4 /* CalendarDayCellView.xib in Resources */,
				D1443FB01E4483C200EB66DB /* CalendarHeaderView.xib in Resources */,
				D1FDDF2D1E28A429003B4189 /* prayers.json in Resources */,
				D15129571FF371D300DEB96C /* NanumBarunGothicBold.ttf in Resources */,
				D1CFD61C1E15BFFE00E5FE23 /* LaunchScreen.storyboard in Resources */,
				D1D521B61E64CE86007B03C1 /* Assets.xcassets in Resources */,
				D15129561FF371D300DEB96C /* NanumBarunGothic.ttf in Resources */,
				D155C8D81E1D7CF400236BF0 /* rosaryPrayers.json in Resources */,
				D1CFD6141E15BFFE00E5FE23 /* Main.storyboard in Resources */,
			);
			runOnlyForDeploymentPostprocessing = 0;
		};
/* End PBXResourcesBuildPhase section */

/* Begin PBXShellScriptBuildPhase section */
		09A2222765017188E58C5FF5 /* [CP] Copy Pods Resources */ = {
			isa = PBXShellScriptBuildPhase;
			buildActionMask = 2147483647;
			files = (
			);
			inputPaths = (
			);
			name = "[CP] Copy Pods Resources";
			outputPaths = (
			);
			runOnlyForDeploymentPostprocessing = 0;
			shellPath = /bin/sh;
			shellScript = "\"${SRCROOT}/Pods/Target Support Files/Pods-54Days/Pods-54Days-resources.sh\"\n";
			showEnvVarsInLog = 0;
		};
		3D02B13B357C4C4CA1339950 /* [CP] Embed Pods Frameworks */ = {
			isa = PBXShellScriptBuildPhase;
			buildActionMask = 2147483647;
			files = (
			);
			inputPaths = (
				"${SRCROOT}/Pods/Target Support Files/Pods-54Days/Pods-54Days-frameworks.sh",
				"${BUILT_PRODUCTS_DIR}/Realm/Realm.framework",
				"${BUILT_PRODUCTS_DIR}/RealmSwift/RealmSwift.framework",
				"${BUILT_PRODUCTS_DIR}/SnapKit/SnapKit.framework",
				"${BUILT_PRODUCTS_DIR}/SwiftyJSON/SwiftyJSON.framework",
			);
			name = "[CP] Embed Pods Frameworks";
			outputPaths = (
				"${TARGET_BUILD_DIR}/${FRAMEWORKS_FOLDER_PATH}/Realm.framework",
				"${TARGET_BUILD_DIR}/${FRAMEWORKS_FOLDER_PATH}/RealmSwift.framework",
				"${TARGET_BUILD_DIR}/${FRAMEWORKS_FOLDER_PATH}/SnapKit.framework",
				"${TARGET_BUILD_DIR}/${FRAMEWORKS_FOLDER_PATH}/SwiftyJSON.framework",
			);
			runOnlyForDeploymentPostprocessing = 0;
			shellPath = /bin/sh;
			shellScript = "\"${SRCROOT}/Pods/Target Support Files/Pods-54Days/Pods-54Days-frameworks.sh\"\n";
			showEnvVarsInLog = 0;
		};
		67D11C7A12664ED2E3C4ACD8 /* [CP] Check Pods Manifest.lock */ = {
			isa = PBXShellScriptBuildPhase;
			buildActionMask = 2147483647;
			files = (
			);
			inputPaths = (
				"${PODS_PODFILE_DIR_PATH}/Podfile.lock",
				"${PODS_ROOT}/Manifest.lock",
			);
			name = "[CP] Check Pods Manifest.lock";
			outputPaths = (
				"$(DERIVED_FILE_DIR)/Pods-54Days-checkManifestLockResult.txt",
			);
			runOnlyForDeploymentPostprocessing = 0;
			shellPath = /bin/sh;
			shellScript = "diff \"${PODS_PODFILE_DIR_PATH}/Podfile.lock\" \"${PODS_ROOT}/Manifest.lock\" > /dev/null\nif [ $? != 0 ] ; then\n    # print error to STDERR\n    echo \"error: The sandbox is not in sync with the Podfile.lock. Run 'pod install' or update your CocoaPods installation.\" >&2\n    exit 1\nfi\n# This output is used by Xcode 'outputs' to avoid re-running this script phase.\necho \"SUCCESS\" > \"${SCRIPT_OUTPUT_FILE_0}\"\n";
			showEnvVarsInLog = 0;
		};
/* End PBXShellScriptBuildPhase section */

/* Begin PBXSourcesBuildPhase section */
		D1CFD6071E15BFFE00E5FE23 /* Sources */ = {
			isa = PBXSourcesBuildPhase;
			buildActionMask = 2147483647;
			files = (
				D12C59CE1F6A486200131734 /* CellUpdatable.swift in Sources */,
				D14AB1A41F2B947100B7FCBA /* Spacing.swift in Sources */,
				D17C4F4C1E8751B80070DA0A /* MainTabBarController.swift in Sources */,
				D1FDDF2F1E28A469003B4189 /* OtherPrayer.swift in Sources */,
				D1B85A241FD7D92B00C8DCCF /* UIStackViewExtensions.swift in Sources */,
				D14AB19C1F2B22E100B7FCBA /* UIViewExtensions.swift in Sources */,
				D1A997121E8DA8C3003C5C5C /* HomeViewModel.swift in Sources */,
				D151294D1FF3171D00DEB96C /* NavigationController.swift in Sources */,
				D1264EC51E4A6C5A007123AD /* CalendarResetModalView.swift in Sources */,
				D10744D01F7A139300C0DC47 /* OtherPrayerTableViewCell.swift in Sources */,
				D1443FB21E44887B00EB66DB /* CalendarHeaderView.swift in Sources */,
				D1389AEA1F40059F001D53E0 /* DictionaryExtensions.swift in Sources */,
				D1FAB11D1F661F4100CEAA5B /* SpacingTableViewCell.swift in Sources */,
				D1443FB41E4856E200EB66DB /* OldCalendarViewController.swift in Sources */,
				D1389AEE1F507D7A001D53E0 /* TableViewUtility.swift in Sources */,
				D1433DA51E74C3AD00B05CBB /* AppCommon.swift in Sources */,
				D17EEA751E3D4591005645C4 /* CalendarDayCellView.swift in Sources */,
				D14AB1A21F2B23B400B7FCBA /* CornerRadius.swift in Sources */,
				D16382EF1F78351900B74382 /* RosarySubMysteryTableViewCell.swift in Sources */,
				D1FA0E0F1F38C44800E3A0E4 /* UITableViewCellExtensions.swift in Sources */,
				D17AEA4F1E7DCE10005CA1F2 /* NotesViewController.swift in Sources */,
				D1CFD60F1E15BFFE00E5FE23 /* AppDelegate.swift in Sources */,
				D12A4FBA1F6F020B00B2DEF4 /* PrayerViewModel.swift in Sources */,
				D14CA51A1FDE63A000B2EC09 /* CalendarViewModel.swift in Sources */,
				D1A1BBF51E4D6AA00003DE73 /* RosaryPeriod.swift in Sources */,
				D1443FB61E492F1F00EB66DB /* PrayerType.swift in Sources */,
				D14AB1AC1F2DC99300B7FCBA /* TableViewController.swift in Sources */,
				D1389AF01F507DB5001D53E0 /* TableCellConfigurator.swift in Sources */,
				D13B4A821E52980C00069FEB /* RosaryMystery.swift in Sources */,
				D1389AE01F3FFB40001D53E0 /* Font.swift in Sources */,
				D12C59CB1F6A47A800131734 /* CellConfiguratorType.swift in Sources */,
				D12A4FB41F6C265B00B2DEF4 /* PrayerViewController.swift in Sources */,
				D17AEA531E7DDBFA005CA1F2 /* NoteEditViewController.swift in Sources */,
				D172E00D1EA9809000BD9B07 /* NoteEditViewModel.swift in Sources */,
				D1BAE4601FCD5AA6003CF968 /* RoundCardView.swift in Sources */,
				D1FA0E221F3B66EE00E3A0E4 /* PrayerEntryTableViewCell.swift in Sources */,
				D1389AEC1F4D659D001D53E0 /* UIEdgeInsetsExtensions.swift in Sources */,
				D12A4FBC1F6F027600B2DEF4 /* FileUtility.swift in Sources */,
				D1929B5A1F7845EC00198FFC /* ArrayExtensions.swift in Sources */,
				D1433DA91E74C41B00B05CBB /* RosaryColor.swift in Sources */,
				D17AEA511E7DD014005CA1F2 /* PrayerNote.swift in Sources */,
				D1F80E181FD49850007D856B /* OtherPrayerTableCellData.swift in Sources */,
				D1B7E8DC1F6FB195001EABC4 /* RosaryStartingPrayerTableViewCell.swift in Sources */,
				D1389ADD1F3FF2BE001D53E0 /* RealmManager.swift in Sources */,
				D1389AE81F400282001D53E0 /* UIColorExtensions.swift in Sources */,
				D1A5D08C1EB2CE4D001C1FFA /* OldCalendarViewModel.swift in Sources */,
				D1DAD0371E42F7DE002300FC /* CalendarViewControllerExtension.swift in Sources */,
				D14AB1A81F2DC55E00B7FCBA /* PrayerInfoTableViewCell.swift in Sources */,
				D1F80E131FD14446007D856B /* Unicode.swift in Sources */,
				D12C59D01F6A488A00131734 /* CellConfiguratorSection.swift in Sources */,
				D16382ED1F75685800B74382 /* RosaryFinishingPrayerTableViewCell.swift in Sources */,
				D14AB1A01F2B235A00B7FCBA /* Color.swift in Sources */,
				D1FAB11F1F6625AE00CEAA5B /* UIViewControllerExtensions.swift in Sources */,
				D14CA51E1FDE66F600B2EC09 /* ViewController.swift in Sources */,
				D14CA5181FDE615A00B2EC09 /* CalendarViewController.swift in Sources */,
				D1197DD61EA9378300D2B1D1 /* NotesViewModel.swift in Sources */,
				D14AB1AA1F2DC76B00B7FCBA /* UIScreenExtensions.swift in Sources */,
				D13B4A801E5294FE00069FEB /* HomeViewController.swift in Sources */,
			);
			runOnlyForDeploymentPostprocessing = 0;
		};
/* End PBXSourcesBuildPhase section */

/* Begin PBXVariantGroup section */
		D1CFD6121E15BFFE00E5FE23 /* Main.storyboard */ = {
			isa = PBXVariantGroup;
			children = (
				D1CFD6131E15BFFE00E5FE23 /* Base */,
			);
			name = Main.storyboard;
			sourceTree = "<group>";
		};
		D1CFD61A1E15BFFE00E5FE23 /* LaunchScreen.storyboard */ = {
			isa = PBXVariantGroup;
			children = (
				D1CFD61B1E15BFFE00E5FE23 /* Base */,
			);
			name = LaunchScreen.storyboard;
			sourceTree = "<group>";
		};
/* End PBXVariantGroup section */

/* Begin XCBuildConfiguration section */
		D1CFD61E1E15BFFE00E5FE23 /* Debug */ = {
			isa = XCBuildConfiguration;
			buildSettings = {
				ALWAYS_SEARCH_USER_PATHS = NO;
				CLANG_ANALYZER_NONNULL = YES;
				CLANG_CXX_LANGUAGE_STANDARD = "gnu++0x";
				CLANG_CXX_LIBRARY = "libc++";
				CLANG_ENABLE_MODULES = YES;
				CLANG_ENABLE_OBJC_ARC = YES;
				CLANG_WARN_BOOL_CONVERSION = YES;
				CLANG_WARN_CONSTANT_CONVERSION = YES;
				CLANG_WARN_DIRECT_OBJC_ISA_USAGE = YES_ERROR;
				CLANG_WARN_DOCUMENTATION_COMMENTS = YES;
				CLANG_WARN_EMPTY_BODY = YES;
				CLANG_WARN_ENUM_CONVERSION = YES;
				CLANG_WARN_INFINITE_RECURSION = YES;
				CLANG_WARN_INT_CONVERSION = YES;
				CLANG_WARN_OBJC_ROOT_CLASS = YES_ERROR;
				CLANG_WARN_SUSPICIOUS_MOVE = YES;
				CLANG_WARN_SUSPICIOUS_MOVES = YES;
				CLANG_WARN_UNREACHABLE_CODE = YES;
				CLANG_WARN__DUPLICATE_METHOD_MATCH = YES;
				"CODE_SIGN_IDENTITY[sdk=iphoneos*]" = "iPhone Developer";
				COPY_PHASE_STRIP = NO;
				DEBUG_INFORMATION_FORMAT = dwarf;
				ENABLE_STRICT_OBJC_MSGSEND = YES;
				ENABLE_TESTABILITY = YES;
				GCC_C_LANGUAGE_STANDARD = gnu99;
				GCC_DYNAMIC_NO_PIC = NO;
				GCC_NO_COMMON_BLOCKS = YES;
				GCC_OPTIMIZATION_LEVEL = 0;
				GCC_PREPROCESSOR_DEFINITIONS = (
					"DEBUG=1",
					"$(inherited)",
				);
				GCC_WARN_64_TO_32_BIT_CONVERSION = YES;
				GCC_WARN_ABOUT_RETURN_TYPE = YES_ERROR;
				GCC_WARN_UNDECLARED_SELECTOR = YES;
				GCC_WARN_UNINITIALIZED_AUTOS = YES_AGGRESSIVE;
				GCC_WARN_UNUSED_FUNCTION = YES;
				GCC_WARN_UNUSED_VARIABLE = YES;
				IPHONEOS_DEPLOYMENT_TARGET = 10.0;
				MTL_ENABLE_DEBUG_INFO = YES;
				ONLY_ACTIVE_ARCH = YES;
				SDKROOT = iphoneos;
				SWIFT_ACTIVE_COMPILATION_CONDITIONS = DEBUG;
				SWIFT_OPTIMIZATION_LEVEL = "-Onone";
				TARGETED_DEVICE_FAMILY = "1,2";
			};
			name = Debug;
		};
		D1CFD61F1E15BFFE00E5FE23 /* Release */ = {
			isa = XCBuildConfiguration;
			buildSettings = {
				ALWAYS_SEARCH_USER_PATHS = NO;
				CLANG_ANALYZER_NONNULL = YES;
				CLANG_CXX_LANGUAGE_STANDARD = "gnu++0x";
				CLANG_CXX_LIBRARY = "libc++";
				CLANG_ENABLE_MODULES = YES;
				CLANG_ENABLE_OBJC_ARC = YES;
				CLANG_WARN_BOOL_CONVERSION = YES;
				CLANG_WARN_CONSTANT_CONVERSION = YES;
				CLANG_WARN_DIRECT_OBJC_ISA_USAGE = YES_ERROR;
				CLANG_WARN_DOCUMENTATION_COMMENTS = YES;
				CLANG_WARN_EMPTY_BODY = YES;
				CLANG_WARN_ENUM_CONVERSION = YES;
				CLANG_WARN_INFINITE_RECURSION = YES;
				CLANG_WARN_INT_CONVERSION = YES;
				CLANG_WARN_OBJC_ROOT_CLASS = YES_ERROR;
				CLANG_WARN_SUSPICIOUS_MOVE = YES;
				CLANG_WARN_SUSPICIOUS_MOVES = YES;
				CLANG_WARN_UNREACHABLE_CODE = YES;
				CLANG_WARN__DUPLICATE_METHOD_MATCH = YES;
				"CODE_SIGN_IDENTITY[sdk=iphoneos*]" = "iPhone Developer";
				COPY_PHASE_STRIP = NO;
				DEBUG_INFORMATION_FORMAT = "dwarf-with-dsym";
				ENABLE_NS_ASSERTIONS = NO;
				ENABLE_STRICT_OBJC_MSGSEND = YES;
				GCC_C_LANGUAGE_STANDARD = gnu99;
				GCC_NO_COMMON_BLOCKS = YES;
				GCC_WARN_64_TO_32_BIT_CONVERSION = YES;
				GCC_WARN_ABOUT_RETURN_TYPE = YES_ERROR;
				GCC_WARN_UNDECLARED_SELECTOR = YES;
				GCC_WARN_UNINITIALIZED_AUTOS = YES_AGGRESSIVE;
				GCC_WARN_UNUSED_FUNCTION = YES;
				GCC_WARN_UNUSED_VARIABLE = YES;
				IPHONEOS_DEPLOYMENT_TARGET = 10.0;
				MTL_ENABLE_DEBUG_INFO = NO;
				SDKROOT = iphoneos;
				SWIFT_OPTIMIZATION_LEVEL = "-Owholemodule";
				TARGETED_DEVICE_FAMILY = "1,2";
				VALIDATE_PRODUCT = YES;
			};
			name = Release;
		};
		D1CFD6211E15BFFE00E5FE23 /* Debug */ = {
			isa = XCBuildConfiguration;
			baseConfigurationReference = 9280CFE11836EE8FA675D593 /* Pods-54Days.debug.xcconfig */;
			buildSettings = {
				ALWAYS_EMBED_SWIFT_STANDARD_LIBRARIES = YES;
				ASSETCATALOG_COMPILER_APPICON_NAME = AppIcon;
				"CODE_SIGN_IDENTITY[sdk=iphoneos*]" = "iPhone Developer";
				CODE_SIGN_STYLE = Automatic;
				DEVELOPMENT_TEAM = "";
				INFOPLIST_FILE = "$(SRCROOT)/54Days/Info.plist";
				IPHONEOS_DEPLOYMENT_TARGET = 11.0;
				LD_RUNPATH_SEARCH_PATHS = "$(inherited) @executable_path/Frameworks";
				PRODUCT_BUNDLE_IDENTIFIER = com.strangest.fiftyFour;
				PRODUCT_NAME = "$(TARGET_NAME)";
				PROVISIONING_PROFILE_SPECIFIER = "";
				SWIFT_VERSION = 4.0;
			};
			name = Debug;
		};
		D1CFD6221E15BFFE00E5FE23 /* Release */ = {
			isa = XCBuildConfiguration;
			baseConfigurationReference = 45C08E12F89B9E26CD63F6C7 /* Pods-54Days.release.xcconfig */;
			buildSettings = {
				ALWAYS_EMBED_SWIFT_STANDARD_LIBRARIES = YES;
				ASSETCATALOG_COMPILER_APPICON_NAME = AppIcon;
				"CODE_SIGN_IDENTITY[sdk=iphoneos*]" = "iPhone Developer";
				CODE_SIGN_STYLE = Automatic;
				DEVELOPMENT_TEAM = "";
				INFOPLIST_FILE = "$(SRCROOT)/54Days/Info.plist";
				IPHONEOS_DEPLOYMENT_TARGET = 11.0;
				LD_RUNPATH_SEARCH_PATHS = "$(inherited) @executable_path/Frameworks";
				PRODUCT_BUNDLE_IDENTIFIER = com.strangest.fiftyFour;
				PRODUCT_NAME = "$(TARGET_NAME)";
				PROVISIONING_PROFILE_SPECIFIER = "";
				SWIFT_VERSION = 4.0;
			};
			name = Release;
		};
/* End XCBuildConfiguration section */

/* Begin XCConfigurationList section */
		D1CFD6061E15BFFE00E5FE23 /* Build configuration list for PBXProject "54Days" */ = {
			isa = XCConfigurationList;
			buildConfigurations = (
				D1CFD61E1E15BFFE00E5FE23 /* Debug */,
				D1CFD61F1E15BFFE00E5FE23 /* Release */,
			);
			defaultConfigurationIsVisible = 0;
			defaultConfigurationName = Release;
		};
		D1CFD6201E15BFFE00E5FE23 /* Build configuration list for PBXNativeTarget "54Days" */ = {
			isa = XCConfigurationList;
			buildConfigurations = (
				D1CFD6211E15BFFE00E5FE23 /* Debug */,
				D1CFD6221E15BFFE00E5FE23 /* Release */,
			);
			defaultConfigurationIsVisible = 0;
			defaultConfigurationName = Release;
		};
/* End XCConfigurationList section */
	};
	rootObject = D1CFD6031E15BFFE00E5FE23 /* Project object */;
}
