// !$*UTF8*$!
{
	archiveVersion = 1;
	classes = {
	};
	objectVersion = 46;
	objects = {

/* Begin PBXBuildFile section */
		C5649DD73D7B6B7B2F3568AC /* Pods_54Days.framework in Frameworks */ = {isa = PBXBuildFile; fileRef = CE6CFBD32541CC9432F89DC4 /* Pods_54Days.framework */; };
		D11E08F32022F360008831CA /* SwiftyCalendar.framework in Sources */ = {isa = PBXBuildFile; fileRef = D17F8EB01FFE17940083A480 /* SwiftyCalendar.framework */; };
		D13419332085ACE6002596C3 /* RosaryPeriod.swift in Sources */ = {isa = PBXBuildFile; fileRef = D13419322085ACE6002596C3 /* RosaryPeriod.swift */; };
		D13B4A821E52980C00069FEB /* RosaryMystery.swift in Sources */ = {isa = PBXBuildFile; fileRef = D13B4A811E52980C00069FEB /* RosaryMystery.swift */; };
		D1443FB61E492F1F00EB66DB /* PrayerType.swift in Sources */ = {isa = PBXBuildFile; fileRef = D1443FB51E492F1F00EB66DB /* PrayerType.swift */; };
		D14AB19C1F2B22E100B7FCBA /* UIViewExtensions.swift in Sources */ = {isa = PBXBuildFile; fileRef = D14AB19B1F2B22E100B7FCBA /* UIViewExtensions.swift */; };
		D14AB1AA1F2DC76B00B7FCBA /* UIScreenExtensions.swift in Sources */ = {isa = PBXBuildFile; fileRef = D14AB1A91F2DC76B00B7FCBA /* UIScreenExtensions.swift */; };
		D14CA5181FDE615A00B2EC09 /* RosarySessionInfoViewController.swift in Sources */ = {isa = PBXBuildFile; fileRef = D14CA5171FDE615A00B2EC09 /* RosarySessionInfoViewController.swift */; };
		D14CA51A1FDE63A000B2EC09 /* RosarySessionInfoViewModel.swift in Sources */ = {isa = PBXBuildFile; fileRef = D14CA5191FDE63A000B2EC09 /* RosarySessionInfoViewModel.swift */; };
		D14CA51E1FDE66F600B2EC09 /* ViewController.swift in Sources */ = {isa = PBXBuildFile; fileRef = D14CA51D1FDE66F600B2EC09 /* ViewController.swift */; };
		D15129561FF371D300DEB96C /* NanumBarunGothic.ttf in Resources */ = {isa = PBXBuildFile; fileRef = D15129541FF371D300DEB96C /* NanumBarunGothic.ttf */; };
		D15129571FF371D300DEB96C /* NanumBarunGothicBold.ttf in Resources */ = {isa = PBXBuildFile; fileRef = D15129551FF371D300DEB96C /* NanumBarunGothicBold.ttf */; };
		D17F73DA20495A470012B8AE /* RosaryFormModalView.swift in Sources */ = {isa = PBXBuildFile; fileRef = D17F73D920495A470012B8AE /* RosaryFormModalView.swift */; };
		D17F8EFC200ADD190083A480 /* RosaryRecord.swift in Sources */ = {isa = PBXBuildFile; fileRef = D17F8EFB200ADD190083A480 /* RosaryRecord.swift */; };
		D182B7CF20735EB800B19BD3 /* TextField.swift in Sources */ = {isa = PBXBuildFile; fileRef = D182B7CE20735EB800B19BD3 /* TextField.swift */; };
		D1845AE120777166008CBE88 /* RosaryConstants.swift in Sources */ = {isa = PBXBuildFile; fileRef = D1845AE020777166008CBE88 /* RosaryConstants.swift */; };
		D1891E012095942900251CA3 /* RosaryFinishingPrayerTableViewCell.swift in Sources */ = {isa = PBXBuildFile; fileRef = D1891DFD2095942900251CA3 /* RosaryFinishingPrayerTableViewCell.swift */; };
		D1891E022095942900251CA3 /* RosarySubMysteryTableViewCell.swift in Sources */ = {isa = PBXBuildFile; fileRef = D1891DFE2095942900251CA3 /* RosarySubMysteryTableViewCell.swift */; };
		D1891E032095942900251CA3 /* OtherPrayerTableViewCell.swift in Sources */ = {isa = PBXBuildFile; fileRef = D1891DFF2095942900251CA3 /* OtherPrayerTableViewCell.swift */; };
		D1891E042095942900251CA3 /* RosaryStartingPrayerTableViewCell.swift in Sources */ = {isa = PBXBuildFile; fileRef = D1891E002095942900251CA3 /* RosaryStartingPrayerTableViewCell.swift */; };
		D1891E062095943400251CA3 /* PrayerViewController.swift in Sources */ = {isa = PBXBuildFile; fileRef = D1891E052095943300251CA3 /* PrayerViewController.swift */; };
		D1891E082095944000251CA3 /* PrayerViewModel.swift in Sources */ = {isa = PBXBuildFile; fileRef = D1891E072095944000251CA3 /* PrayerViewModel.swift */; };
		D1891E0A2095945700251CA3 /* Unicode.swift in Sources */ = {isa = PBXBuildFile; fileRef = D1891E092095945700251CA3 /* Unicode.swift */; };
		D1891E0F2095948B00251CA3 /* Font.swift in Sources */ = {isa = PBXBuildFile; fileRef = D1891E0B2095948B00251CA3 /* Font.swift */; };
		D1891E102095948B00251CA3 /* Spacing.swift in Sources */ = {isa = PBXBuildFile; fileRef = D1891E0C2095948B00251CA3 /* Spacing.swift */; };
		D1891E112095948B00251CA3 /* CornerRadius.swift in Sources */ = {isa = PBXBuildFile; fileRef = D1891E0D2095948B00251CA3 /* CornerRadius.swift */; };
		D1891E122095948B00251CA3 /* Color.swift in Sources */ = {isa = PBXBuildFile; fileRef = D1891E0E2095948B00251CA3 /* Color.swift */; };
		D1891E16209594FC00251CA3 /* TableViewController.swift in Sources */ = {isa = PBXBuildFile; fileRef = D1891E13209594FC00251CA3 /* TableViewController.swift */; };
		D1891E17209594FC00251CA3 /* MainTabBarController.swift in Sources */ = {isa = PBXBuildFile; fileRef = D1891E14209594FC00251CA3 /* MainTabBarController.swift */; };
		D1891E18209594FC00251CA3 /* NavigationController.swift in Sources */ = {isa = PBXBuildFile; fileRef = D1891E15209594FC00251CA3 /* NavigationController.swift */; };
		D1891E1F2095959800251CA3 /* CellConfiguratorType.swift in Sources */ = {isa = PBXBuildFile; fileRef = D1891E192095959800251CA3 /* CellConfiguratorType.swift */; };
		D1891E202095959800251CA3 /* CellConfiguratorSection.swift in Sources */ = {isa = PBXBuildFile; fileRef = D1891E1A2095959800251CA3 /* CellConfiguratorSection.swift */; };
		D1891E212095959800251CA3 /* TableCellConfigurator.swift in Sources */ = {isa = PBXBuildFile; fileRef = D1891E1B2095959800251CA3 /* TableCellConfigurator.swift */; };
		D1891E222095959800251CA3 /* TableViewUtility.swift in Sources */ = {isa = PBXBuildFile; fileRef = D1891E1C2095959800251CA3 /* TableViewUtility.swift */; };
		D1891E232095959800251CA3 /* TableView.swift in Sources */ = {isa = PBXBuildFile; fileRef = D1891E1D2095959800251CA3 /* TableView.swift */; };
		D1891E242095959800251CA3 /* CellUpdatable.swift in Sources */ = {isa = PBXBuildFile; fileRef = D1891E1E2095959800251CA3 /* CellUpdatable.swift */; };
		D1891E27209595A700251CA3 /* SpacingTableViewCell.swift in Sources */ = {isa = PBXBuildFile; fileRef = D1891E26209595A700251CA3 /* SpacingTableViewCell.swift */; };
		D1891E2A209595CD00251CA3 /* FileUtility.swift in Sources */ = {isa = PBXBuildFile; fileRef = D1891E29209595CD00251CA3 /* FileUtility.swift */; };
		D1891E332095961000251CA3 /* ArrayExtensions.swift in Sources */ = {isa = PBXBuildFile; fileRef = D1891E2B2095961000251CA3 /* ArrayExtensions.swift */; };
		D1891E342095961000251CA3 /* UITableViewCellExtensions.swift in Sources */ = {isa = PBXBuildFile; fileRef = D1891E2C2095961000251CA3 /* UITableViewCellExtensions.swift */; };
		D1891E352095961000251CA3 /* UIViewControllerExtensions.swift in Sources */ = {isa = PBXBuildFile; fileRef = D1891E2D2095961000251CA3 /* UIViewControllerExtensions.swift */; };
		D1891E362095961000251CA3 /* UIColorExtensions.swift in Sources */ = {isa = PBXBuildFile; fileRef = D1891E2E2095961000251CA3 /* UIColorExtensions.swift */; };
		D1891E372095961000251CA3 /* DateExtensions.swift in Sources */ = {isa = PBXBuildFile; fileRef = D1891E2F2095961000251CA3 /* DateExtensions.swift */; };
		D1891E382095961000251CA3 /* UIStackViewExtensions.swift in Sources */ = {isa = PBXBuildFile; fileRef = D1891E302095961000251CA3 /* UIStackViewExtensions.swift */; };
		D1891E392095961000251CA3 /* DictionaryExtensions.swift in Sources */ = {isa = PBXBuildFile; fileRef = D1891E312095961000251CA3 /* DictionaryExtensions.swift */; };
		D1891E3A2095961000251CA3 /* UIEdgeInsetsExtensions.swift in Sources */ = {isa = PBXBuildFile; fileRef = D1891E322095961000251CA3 /* UIEdgeInsetsExtensions.swift */; };
		D1891E412095967B00251CA3 /* RoundView.swift in Sources */ = {isa = PBXBuildFile; fileRef = D1891E3E2095967A00251CA3 /* RoundView.swift */; };
		D1891E422095967B00251CA3 /* ModalView.swift in Sources */ = {isa = PBXBuildFile; fileRef = D1891E3F2095967A00251CA3 /* ModalView.swift */; };
		D1891E432095967B00251CA3 /* ProgressBar.swift in Sources */ = {isa = PBXBuildFile; fileRef = D1891E402095967A00251CA3 /* ProgressBar.swift */; };
		D1891E452095969C00251CA3 /* RealmError.swift in Sources */ = {isa = PBXBuildFile; fileRef = D1891E442095969C00251CA3 /* RealmError.swift */; };
		D1891E48209596CA00251CA3 /* HomeCurrentRosaryInfoTableViewCell.swift in Sources */ = {isa = PBXBuildFile; fileRef = D1891E46209596CA00251CA3 /* HomeCurrentRosaryInfoTableViewCell.swift */; };
		D1891E49209596CA00251CA3 /* HomePrayerEntryTableViewCell.swift in Sources */ = {isa = PBXBuildFile; fileRef = D1891E47209596CA00251CA3 /* HomePrayerEntryTableViewCell.swift */; };
		D1891E4B209596D800251CA3 /* HomeViewController.swift in Sources */ = {isa = PBXBuildFile; fileRef = D1891E4A209596D800251CA3 /* HomeViewController.swift */; };
		D1891E4D209596E300251CA3 /* HomeViewModel.swift in Sources */ = {isa = PBXBuildFile; fileRef = D1891E4C209596E300251CA3 /* HomeViewModel.swift */; };
		D1891E512095972F00251CA3 /* prayers.json in Resources */ = {isa = PBXBuildFile; fileRef = D1891E4F2095972F00251CA3 /* prayers.json */; };
		D1891E522095972F00251CA3 /* rosaryPrayers.json in Resources */ = {isa = PBXBuildFile; fileRef = D1891E502095972F00251CA3 /* rosaryPrayers.json */; };
		D1891E552098186B00251CA3 /* TextAttributes.swift in Sources */ = {isa = PBXBuildFile; fileRef = D1891E542098186B00251CA3 /* TextAttributes.swift */; };
		D1891E5820981A7B00251CA3 /* Label.swift in Sources */ = {isa = PBXBuildFile; fileRef = D1891E5720981A7B00251CA3 /* Label.swift */; };
		D1891E7F209E86A900251CA3 /* CalendarDayCollectionViewCell.swift in Sources */ = {isa = PBXBuildFile; fileRef = D1891E74209E86A800251CA3 /* CalendarDayCollectionViewCell.swift */; };
		D1891E81209E86A900251CA3 /* CalendarMonthCollectionViewCell.swift in Sources */ = {isa = PBXBuildFile; fileRef = D1891E76209E86A800251CA3 /* CalendarMonthCollectionViewCell.swift */; };
		D1891E82209E86A900251CA3 /* CalendarMonthView.swift in Sources */ = {isa = PBXBuildFile; fileRef = D1891E77209E86A800251CA3 /* CalendarMonthView.swift */; };
		D1891E83209E86A900251CA3 /* CalendarViewModel.swift in Sources */ = {isa = PBXBuildFile; fileRef = D1891E79209E86A800251CA3 /* CalendarViewModel.swift */; };
		D1891E84209E86A900251CA3 /* CalendarMonth.swift in Sources */ = {isa = PBXBuildFile; fileRef = D1891E7B209E86A900251CA3 /* CalendarMonth.swift */; };
		D1891E85209E86A900251CA3 /* DayOfWeek.swift in Sources */ = {isa = PBXBuildFile; fileRef = D1891E7C209E86A900251CA3 /* DayOfWeek.swift */; };
		D1891E86209E86A900251CA3 /* MonthOfYear.swift in Sources */ = {isa = PBXBuildFile; fileRef = D1891E7D209E86A900251CA3 /* MonthOfYear.swift */; };
		D1891E88209E87B200251CA3 /* CalendarView.swift in Sources */ = {isa = PBXBuildFile; fileRef = D1891E87209E87B200251CA3 /* CalendarView.swift */; };
		D1891E8A209E89FF00251CA3 /* CalendarDayView.swift in Sources */ = {isa = PBXBuildFile; fileRef = D1891E89209E89FE00251CA3 /* CalendarDayView.swift */; };
		D1CFD60F1E15BFFE00E5FE23 /* AppDelegate.swift in Sources */ = {isa = PBXBuildFile; fileRef = D1CFD60E1E15BFFE00E5FE23 /* AppDelegate.swift */; };
		D1CFD6141E15BFFE00E5FE23 /* Main.storyboard in Resources */ = {isa = PBXBuildFile; fileRef = D1CFD6121E15BFFE00E5FE23 /* Main.storyboard */; };
		D1CFD61C1E15BFFE00E5FE23 /* LaunchScreen.storyboard in Resources */ = {isa = PBXBuildFile; fileRef = D1CFD61A1E15BFFE00E5FE23 /* LaunchScreen.storyboard */; };
		D1D521B61E64CE86007B03C1 /* Assets.xcassets in Resources */ = {isa = PBXBuildFile; fileRef = D1D521B51E64CE86007B03C1 /* Assets.xcassets */; };
		D1FDDF2F1E28A469003B4189 /* OtherPrayer.swift in Sources */ = {isa = PBXBuildFile; fileRef = D1FDDF2E1E28A469003B4189 /* OtherPrayer.swift */; };
/* End PBXBuildFile section */

/* Begin PBXCopyFilesBuildPhase section */
		D17F8EB71FFE1A030083A480 /* Embed Frameworks */ = {
			isa = PBXCopyFilesBuildPhase;
			buildActionMask = 2147483647;
			dstPath = "";
			dstSubfolderSpec = 10;
			files = (
			);
			name = "Embed Frameworks";
			runOnlyForDeploymentPostprocessing = 0;
		};
/* End PBXCopyFilesBuildPhase section */

/* Begin PBXFileReference section */
		45C08E12F89B9E26CD63F6C7 /* Pods-54Days.release.xcconfig */ = {isa = PBXFileReference; includeInIndex = 1; lastKnownFileType = text.xcconfig; name = "Pods-54Days.release.xcconfig"; path = "Pods/Target Support Files/Pods-54Days/Pods-54Days.release.xcconfig"; sourceTree = "<group>"; };
		9280CFE11836EE8FA675D593 /* Pods-54Days.debug.xcconfig */ = {isa = PBXFileReference; includeInIndex = 1; lastKnownFileType = text.xcconfig; name = "Pods-54Days.debug.xcconfig"; path = "Pods/Target Support Files/Pods-54Days/Pods-54Days.debug.xcconfig"; sourceTree = "<group>"; };
		CE6CFBD32541CC9432F89DC4 /* Pods_54Days.framework */ = {isa = PBXFileReference; explicitFileType = wrapper.framework; includeInIndex = 0; path = Pods_54Days.framework; sourceTree = BUILT_PRODUCTS_DIR; };
		D102FF101EB1833700C6178A /* 54Days.app */ = {isa = PBXFileReference; explicitFileType = wrapper.application; includeInIndex = 0; path = 54Days.app; sourceTree = BUILT_PRODUCTS_DIR; };
		D13419322085ACE6002596C3 /* RosaryPeriod.swift */ = {isa = PBXFileReference; lastKnownFileType = sourcecode.swift; path = RosaryPeriod.swift; sourceTree = "<group>"; };
		D13B4A811E52980C00069FEB /* RosaryMystery.swift */ = {isa = PBXFileReference; fileEncoding = 4; lastKnownFileType = sourcecode.swift; path = RosaryMystery.swift; sourceTree = "<group>"; };
		D1443FB51E492F1F00EB66DB /* PrayerType.swift */ = {isa = PBXFileReference; fileEncoding = 4; lastKnownFileType = sourcecode.swift; path = PrayerType.swift; sourceTree = "<group>"; };
		D14AB19B1F2B22E100B7FCBA /* UIViewExtensions.swift */ = {isa = PBXFileReference; fileEncoding = 4; lastKnownFileType = sourcecode.swift; name = UIViewExtensions.swift; path = Common/Extensions/UIViewExtensions.swift; sourceTree = "<group>"; };
		D14AB1A91F2DC76B00B7FCBA /* UIScreenExtensions.swift */ = {isa = PBXFileReference; fileEncoding = 4; lastKnownFileType = sourcecode.swift; name = UIScreenExtensions.swift; path = Common/Extensions/UIScreenExtensions.swift; sourceTree = "<group>"; };
		D14CA5141FDE605F00B2EC09 /* 54Days-Bridging-Header.h */ = {isa = PBXFileReference; lastKnownFileType = sourcecode.c.h; path = "54Days-Bridging-Header.h"; sourceTree = "<group>"; };
		D14CA5171FDE615A00B2EC09 /* RosarySessionInfoViewController.swift */ = {isa = PBXFileReference; fileEncoding = 4; lastKnownFileType = sourcecode.swift; path = RosarySessionInfoViewController.swift; sourceTree = "<group>"; };
		D14CA5191FDE63A000B2EC09 /* RosarySessionInfoViewModel.swift */ = {isa = PBXFileReference; fileEncoding = 4; lastKnownFileType = sourcecode.swift; name = RosarySessionInfoViewModel.swift; path = Modules/Calendar/ViewModel/RosarySessionInfoViewModel.swift; sourceTree = "<group>"; };
		D14CA51D1FDE66F600B2EC09 /* ViewController.swift */ = {isa = PBXFileReference; fileEncoding = 4; lastKnownFileType = sourcecode.swift; name = ViewController.swift; path = Common/SubClasses/ViewControllers/ViewController.swift; sourceTree = "<group>"; };
		D15129541FF371D300DEB96C /* NanumBarunGothic.ttf */ = {isa = PBXFileReference; lastKnownFileType = file; name = NanumBarunGothic.ttf; path = Resources/Fonts/NanumBarunGothic/NanumBarunGothic.ttf; sourceTree = "<group>"; };
		D15129551FF371D300DEB96C /* NanumBarunGothicBold.ttf */ = {isa = PBXFileReference; lastKnownFileType = file; name = NanumBarunGothicBold.ttf; path = Resources/Fonts/NanumBarunGothic/NanumBarunGothicBold.ttf; sourceTree = "<group>"; };
		D17F73D920495A470012B8AE /* RosaryFormModalView.swift */ = {isa = PBXFileReference; lastKnownFileType = sourcecode.swift; name = RosaryFormModalView.swift; path = Modules/Calendar/RosaryFormModalView.swift; sourceTree = "<group>"; };
		D17F8EB01FFE17940083A480 /* SwiftyCalendar.framework */ = {isa = PBXFileReference; explicitFileType = wrapper.framework; path = SwiftyCalendar.framework; sourceTree = BUILT_PRODUCTS_DIR; };
		D17F8EFB200ADD190083A480 /* RosaryRecord.swift */ = {isa = PBXFileReference; fileEncoding = 4; lastKnownFileType = sourcecode.swift; name = RosaryRecord.swift; path = Common/Entities/Realm/RosaryRecord.swift; sourceTree = "<group>"; };
		D182B7CE20735EB800B19BD3 /* TextField.swift */ = {isa = PBXFileReference; lastKnownFileType = sourcecode.swift; name = TextField.swift; path = Common/SubClasses/Views/TextField.swift; sourceTree = "<group>"; };
		D1845AE020777166008CBE88 /* RosaryConstants.swift */ = {isa = PBXFileReference; lastKnownFileType = sourcecode.swift; path = RosaryConstants.swift; sourceTree = "<group>"; };
		D1891DFD2095942900251CA3 /* RosaryFinishingPrayerTableViewCell.swift */ = {isa = PBXFileReference; fileEncoding = 4; lastKnownFileType = sourcecode.swift; name = RosaryFinishingPrayerTableViewCell.swift; path = Modules/Prayer/View/Cells/RosaryFinishingPrayerTableViewCell.swift; sourceTree = "<group>"; };
		D1891DFE2095942900251CA3 /* RosarySubMysteryTableViewCell.swift */ = {isa = PBXFileReference; fileEncoding = 4; lastKnownFileType = sourcecode.swift; name = RosarySubMysteryTableViewCell.swift; path = Modules/Prayer/View/Cells/RosarySubMysteryTableViewCell.swift; sourceTree = "<group>"; };
		D1891DFF2095942900251CA3 /* OtherPrayerTableViewCell.swift */ = {isa = PBXFileReference; fileEncoding = 4; lastKnownFileType = sourcecode.swift; name = OtherPrayerTableViewCell.swift; path = Modules/Prayer/View/Cells/OtherPrayerTableViewCell.swift; sourceTree = "<group>"; };
		D1891E002095942900251CA3 /* RosaryStartingPrayerTableViewCell.swift */ = {isa = PBXFileReference; fileEncoding = 4; lastKnownFileType = sourcecode.swift; name = RosaryStartingPrayerTableViewCell.swift; path = Modules/Prayer/View/Cells/RosaryStartingPrayerTableViewCell.swift; sourceTree = "<group>"; };
		D1891E052095943300251CA3 /* PrayerViewController.swift */ = {isa = PBXFileReference; fileEncoding = 4; lastKnownFileType = sourcecode.swift; name = PrayerViewController.swift; path = Modules/Prayer/View/PrayerViewController.swift; sourceTree = "<group>"; };
		D1891E072095944000251CA3 /* PrayerViewModel.swift */ = {isa = PBXFileReference; fileEncoding = 4; lastKnownFileType = sourcecode.swift; name = PrayerViewModel.swift; path = Modules/Prayer/ViewModel/PrayerViewModel.swift; sourceTree = "<group>"; };
		D1891E092095945700251CA3 /* Unicode.swift */ = {isa = PBXFileReference; fileEncoding = 4; lastKnownFileType = sourcecode.swift; name = Unicode.swift; path = Common/Constants/Unicode.swift; sourceTree = "<group>"; };
		D1891E0B2095948B00251CA3 /* Font.swift */ = {isa = PBXFileReference; fileEncoding = 4; lastKnownFileType = sourcecode.swift; name = Font.swift; path = Common/Constants/Font.swift; sourceTree = "<group>"; };
		D1891E0C2095948B00251CA3 /* Spacing.swift */ = {isa = PBXFileReference; fileEncoding = 4; lastKnownFileType = sourcecode.swift; name = Spacing.swift; path = Common/Constants/Spacing.swift; sourceTree = "<group>"; };
		D1891E0D2095948B00251CA3 /* CornerRadius.swift */ = {isa = PBXFileReference; fileEncoding = 4; lastKnownFileType = sourcecode.swift; name = CornerRadius.swift; path = Common/Constants/CornerRadius.swift; sourceTree = "<group>"; };
		D1891E0E2095948B00251CA3 /* Color.swift */ = {isa = PBXFileReference; fileEncoding = 4; lastKnownFileType = sourcecode.swift; name = Color.swift; path = Common/Constants/Color.swift; sourceTree = "<group>"; };
		D1891E13209594FC00251CA3 /* TableViewController.swift */ = {isa = PBXFileReference; fileEncoding = 4; lastKnownFileType = sourcecode.swift; name = TableViewController.swift; path = Common/SubClasses/ViewControllers/TableViewController.swift; sourceTree = "<group>"; };
		D1891E14209594FC00251CA3 /* MainTabBarController.swift */ = {isa = PBXFileReference; fileEncoding = 4; lastKnownFileType = sourcecode.swift; name = MainTabBarController.swift; path = Common/SubClasses/ViewControllers/MainTabBarController.swift; sourceTree = "<group>"; };
		D1891E15209594FC00251CA3 /* NavigationController.swift */ = {isa = PBXFileReference; fileEncoding = 4; lastKnownFileType = sourcecode.swift; name = NavigationController.swift; path = Common/SubClasses/ViewControllers/NavigationController.swift; sourceTree = "<group>"; };
		D1891E192095959800251CA3 /* CellConfiguratorType.swift */ = {isa = PBXFileReference; fileEncoding = 4; lastKnownFileType = sourcecode.swift; name = CellConfiguratorType.swift; path = Common/Utilities/TableView/CellConfiguratorType.swift; sourceTree = "<group>"; };
		D1891E1A2095959800251CA3 /* CellConfiguratorSection.swift */ = {isa = PBXFileReference; fileEncoding = 4; lastKnownFileType = sourcecode.swift; name = CellConfiguratorSection.swift; path = Common/Utilities/TableView/CellConfiguratorSection.swift; sourceTree = "<group>"; };
		D1891E1B2095959800251CA3 /* TableCellConfigurator.swift */ = {isa = PBXFileReference; fileEncoding = 4; lastKnownFileType = sourcecode.swift; name = TableCellConfigurator.swift; path = Common/Utilities/TableView/TableCellConfigurator.swift; sourceTree = "<group>"; };
		D1891E1C2095959800251CA3 /* TableViewUtility.swift */ = {isa = PBXFileReference; fileEncoding = 4; lastKnownFileType = sourcecode.swift; name = TableViewUtility.swift; path = Common/Utilities/TableView/TableViewUtility.swift; sourceTree = "<group>"; };
		D1891E1D2095959800251CA3 /* TableView.swift */ = {isa = PBXFileReference; fileEncoding = 4; lastKnownFileType = sourcecode.swift; name = TableView.swift; path = Common/Utilities/TableView/TableView.swift; sourceTree = "<group>"; };
		D1891E1E2095959800251CA3 /* CellUpdatable.swift */ = {isa = PBXFileReference; fileEncoding = 4; lastKnownFileType = sourcecode.swift; name = CellUpdatable.swift; path = Common/Utilities/TableView/CellUpdatable.swift; sourceTree = "<group>"; };
		D1891E26209595A700251CA3 /* SpacingTableViewCell.swift */ = {isa = PBXFileReference; fileEncoding = 4; lastKnownFileType = sourcecode.swift; name = SpacingTableViewCell.swift; path = Common/Utilities/TableView/CommonCells/SpacingTableViewCell.swift; sourceTree = "<group>"; };
		D1891E29209595CD00251CA3 /* FileUtility.swift */ = {isa = PBXFileReference; fileEncoding = 4; lastKnownFileType = sourcecode.swift; name = FileUtility.swift; path = Common/Utilities/FileIO/FileUtility.swift; sourceTree = "<group>"; };
		D1891E2B2095961000251CA3 /* ArrayExtensions.swift */ = {isa = PBXFileReference; fileEncoding = 4; lastKnownFileType = sourcecode.swift; name = ArrayExtensions.swift; path = Common/Extensions/ArrayExtensions.swift; sourceTree = "<group>"; };
		D1891E2C2095961000251CA3 /* UITableViewCellExtensions.swift */ = {isa = PBXFileReference; fileEncoding = 4; lastKnownFileType = sourcecode.swift; name = UITableViewCellExtensions.swift; path = Common/Extensions/UITableViewCellExtensions.swift; sourceTree = "<group>"; };
		D1891E2D2095961000251CA3 /* UIViewControllerExtensions.swift */ = {isa = PBXFileReference; fileEncoding = 4; lastKnownFileType = sourcecode.swift; name = UIViewControllerExtensions.swift; path = Common/Extensions/UIViewControllerExtensions.swift; sourceTree = "<group>"; };
		D1891E2E2095961000251CA3 /* UIColorExtensions.swift */ = {isa = PBXFileReference; fileEncoding = 4; lastKnownFileType = sourcecode.swift; name = UIColorExtensions.swift; path = Common/Extensions/UIColorExtensions.swift; sourceTree = "<group>"; };
		D1891E2F2095961000251CA3 /* DateExtensions.swift */ = {isa = PBXFileReference; fileEncoding = 4; lastKnownFileType = sourcecode.swift; name = DateExtensions.swift; path = Common/Extensions/DateExtensions.swift; sourceTree = "<group>"; };
		D1891E302095961000251CA3 /* UIStackViewExtensions.swift */ = {isa = PBXFileReference; fileEncoding = 4; lastKnownFileType = sourcecode.swift; name = UIStackViewExtensions.swift; path = Common/Extensions/UIStackViewExtensions.swift; sourceTree = "<group>"; };
		D1891E312095961000251CA3 /* DictionaryExtensions.swift */ = {isa = PBXFileReference; fileEncoding = 4; lastKnownFileType = sourcecode.swift; name = DictionaryExtensions.swift; path = Common/Extensions/DictionaryExtensions.swift; sourceTree = "<group>"; };
		D1891E322095961000251CA3 /* UIEdgeInsetsExtensions.swift */ = {isa = PBXFileReference; fileEncoding = 4; lastKnownFileType = sourcecode.swift; name = UIEdgeInsetsExtensions.swift; path = Common/Extensions/UIEdgeInsetsExtensions.swift; sourceTree = "<group>"; };
		D1891E3E2095967A00251CA3 /* RoundView.swift */ = {isa = PBXFileReference; fileEncoding = 4; lastKnownFileType = sourcecode.swift; name = RoundView.swift; path = Common/CustomViews/RoundView.swift; sourceTree = "<group>"; };
		D1891E3F2095967A00251CA3 /* ModalView.swift */ = {isa = PBXFileReference; fileEncoding = 4; lastKnownFileType = sourcecode.swift; name = ModalView.swift; path = Common/CustomViews/ModalView.swift; sourceTree = "<group>"; };
		D1891E402095967A00251CA3 /* ProgressBar.swift */ = {isa = PBXFileReference; fileEncoding = 4; lastKnownFileType = sourcecode.swift; name = ProgressBar.swift; path = Common/CustomViews/ProgressBar.swift; sourceTree = "<group>"; };
		D1891E442095969C00251CA3 /* RealmError.swift */ = {isa = PBXFileReference; fileEncoding = 4; lastKnownFileType = sourcecode.swift; name = RealmError.swift; path = Common/Entities/Realm/RealmError.swift; sourceTree = "<group>"; };
		D1891E46209596CA00251CA3 /* HomeCurrentRosaryInfoTableViewCell.swift */ = {isa = PBXFileReference; fileEncoding = 4; lastKnownFileType = sourcecode.swift; name = HomeCurrentRosaryInfoTableViewCell.swift; path = Modules/Home/View/Cells/HomeCurrentRosaryInfoTableViewCell.swift; sourceTree = "<group>"; };
		D1891E47209596CA00251CA3 /* HomePrayerEntryTableViewCell.swift */ = {isa = PBXFileReference; fileEncoding = 4; lastKnownFileType = sourcecode.swift; name = HomePrayerEntryTableViewCell.swift; path = Modules/Home/View/Cells/HomePrayerEntryTableViewCell.swift; sourceTree = "<group>"; };
		D1891E4A209596D800251CA3 /* HomeViewController.swift */ = {isa = PBXFileReference; fileEncoding = 4; lastKnownFileType = sourcecode.swift; name = HomeViewController.swift; path = Modules/Home/View/HomeViewController.swift; sourceTree = "<group>"; };
		D1891E4C209596E300251CA3 /* HomeViewModel.swift */ = {isa = PBXFileReference; fileEncoding = 4; lastKnownFileType = sourcecode.swift; name = HomeViewModel.swift; path = Modules/Home/ViewModel/HomeViewModel.swift; sourceTree = "<group>"; };
		D1891E4F2095972F00251CA3 /* prayers.json */ = {isa = PBXFileReference; fileEncoding = 4; lastKnownFileType = text.json; name = prayers.json; path = Resources/JSON/prayers.json; sourceTree = "<group>"; };
		D1891E502095972F00251CA3 /* rosaryPrayers.json */ = {isa = PBXFileReference; fileEncoding = 4; lastKnownFileType = text.json; name = rosaryPrayers.json; path = Resources/JSON/rosaryPrayers.json; sourceTree = "<group>"; };
		D1891E542098186B00251CA3 /* TextAttributes.swift */ = {isa = PBXFileReference; lastKnownFileType = sourcecode.swift; path = TextAttributes.swift; sourceTree = "<group>"; };
		D1891E5720981A7B00251CA3 /* Label.swift */ = {isa = PBXFileReference; lastKnownFileType = sourcecode.swift; path = Label.swift; sourceTree = "<group>"; };
		D1891E74209E86A800251CA3 /* CalendarDayCollectionViewCell.swift */ = {isa = PBXFileReference; fileEncoding = 4; lastKnownFileType = sourcecode.swift; path = CalendarDayCollectionViewCell.swift; sourceTree = "<group>"; };
		D1891E76209E86A800251CA3 /* CalendarMonthCollectionViewCell.swift */ = {isa = PBXFileReference; fileEncoding = 4; lastKnownFileType = sourcecode.swift; path = CalendarMonthCollectionViewCell.swift; sourceTree = "<group>"; };
		D1891E77209E86A800251CA3 /* CalendarMonthView.swift */ = {isa = PBXFileReference; fileEncoding = 4; lastKnownFileType = sourcecode.swift; path = CalendarMonthView.swift; sourceTree = "<group>"; };
		D1891E79209E86A800251CA3 /* CalendarViewModel.swift */ = {isa = PBXFileReference; fileEncoding = 4; lastKnownFileType = sourcecode.swift; path = CalendarViewModel.swift; sourceTree = "<group>"; };
		D1891E7B209E86A900251CA3 /* CalendarMonth.swift */ = {isa = PBXFileReference; fileEncoding = 4; lastKnownFileType = sourcecode.swift; path = CalendarMonth.swift; sourceTree = "<group>"; };
		D1891E7C209E86A900251CA3 /* DayOfWeek.swift */ = {isa = PBXFileReference; fileEncoding = 4; lastKnownFileType = sourcecode.swift; path = DayOfWeek.swift; sourceTree = "<group>"; };
		D1891E7D209E86A900251CA3 /* MonthOfYear.swift */ = {isa = PBXFileReference; fileEncoding = 4; lastKnownFileType = sourcecode.swift; path = MonthOfYear.swift; sourceTree = "<group>"; };
		D1891E87209E87B200251CA3 /* CalendarView.swift */ = {isa = PBXFileReference; fileEncoding = 4; lastKnownFileType = sourcecode.swift; path = CalendarView.swift; sourceTree = "<group>"; };
		D1891E89209E89FE00251CA3 /* CalendarDayView.swift */ = {isa = PBXFileReference; fileEncoding = 4; lastKnownFileType = sourcecode.swift; path = CalendarDayView.swift; sourceTree = "<group>"; };
		D1CFD60E1E15BFFE00E5FE23 /* AppDelegate.swift */ = {isa = PBXFileReference; lastKnownFileType = sourcecode.swift; path = AppDelegate.swift; sourceTree = "<group>"; };
		D1CFD6131E15BFFE00E5FE23 /* Base */ = {isa = PBXFileReference; lastKnownFileType = file.storyboard; name = Base; path = Base.lproj/Main.storyboard; sourceTree = "<group>"; };
		D1CFD61B1E15BFFE00E5FE23 /* Base */ = {isa = PBXFileReference; lastKnownFileType = file.storyboard; name = Base; path = Base.lproj/LaunchScreen.storyboard; sourceTree = "<group>"; };
		D1CFD61D1E15BFFE00E5FE23 /* Info.plist */ = {isa = PBXFileReference; lastKnownFileType = text.plist.xml; path = Info.plist; sourceTree = "<group>"; };
		D1D521B51E64CE86007B03C1 /* Assets.xcassets */ = {isa = PBXFileReference; lastKnownFileType = folder.assetcatalog; path = Assets.xcassets; sourceTree = "<group>"; };
		D1FDDF2E1E28A469003B4189 /* OtherPrayer.swift */ = {isa = PBXFileReference; fileEncoding = 4; lastKnownFileType = sourcecode.swift; path = OtherPrayer.swift; sourceTree = "<group>"; };
/* End PBXFileReference section */

/* Begin PBXFrameworksBuildPhase section */
		D1CFD6081E15BFFE00E5FE23 /* Frameworks */ = {
			isa = PBXFrameworksBuildPhase;
			buildActionMask = 2147483647;
			files = (
				C5649DD73D7B6B7B2F3568AC /* Pods_54Days.framework in Frameworks */,
			);
			runOnlyForDeploymentPostprocessing = 0;
		};
/* End PBXFrameworksBuildPhase section */

/* Begin PBXGroup section */
		D10744D31F80664200C0DC47 /* RosarySessionInfo */ = {
			isa = PBXGroup;
			children = (
				D10744D61F80666000C0DC47 /* View */,
				D10744D51F80665800C0DC47 /* ViewModel */,
				D10744D41F80665300C0DC47 /* Model */,
			);
			name = RosarySessionInfo;
			sourceTree = "<group>";
		};
		D10744D41F80665300C0DC47 /* Model */ = {
			isa = PBXGroup;
			children = (
			);
			name = Model;
			sourceTree = "<group>";
		};
		D10744D51F80665800C0DC47 /* ViewModel */ = {
			isa = PBXGroup;
			children = (
				D14CA5191FDE63A000B2EC09 /* RosarySessionInfoViewModel.swift */,
			);
			name = ViewModel;
			sourceTree = "<group>";
		};
		D10744D61F80666000C0DC47 /* View */ = {
			isa = PBXGroup;
			children = (
				D14CA5171FDE615A00B2EC09 /* RosarySessionInfoViewController.swift */,
				D17F73D920495A470012B8AE /* RosaryFormModalView.swift */,
			);
			name = View;
			sourceTree = "<group>";
		};
		D12A4FAE1F6C260B00B2DEF4 /* Prayer */ = {
			isa = PBXGroup;
			children = (
				D12A4FAF1F6C261900B2DEF4 /* View */,
				D12A4FB11F6C262200B2DEF4 /* ViewModel */,
			);
			name = Prayer;
			sourceTree = "<group>";
		};
		D12A4FAF1F6C261900B2DEF4 /* View */ = {
			isa = PBXGroup;
			children = (
				D15129581FF374A100DEB96C /* Cells */,
				D1891E052095943300251CA3 /* PrayerViewController.swift */,
			);
			name = View;
			sourceTree = "<group>";
		};
		D12A4FB11F6C262200B2DEF4 /* ViewModel */ = {
			isa = PBXGroup;
			children = (
				D1891E072095944000251CA3 /* PrayerViewModel.swift */,
			);
			name = ViewModel;
			sourceTree = "<group>";
		};
		D12A4FB21F6C264300B2DEF4 /* Entities */ = {
			isa = PBXGroup;
			children = (
				D17F8EF8200ADC4E0083A480 /* Realm */,
				D1443FB51E492F1F00EB66DB /* PrayerType.swift */,
				D13B4A811E52980C00069FEB /* RosaryMystery.swift */,
				D13419322085ACE6002596C3 /* RosaryPeriod.swift */,
				D1FDDF2E1E28A469003B4189 /* OtherPrayer.swift */,
			);
			name = Entities;
			sourceTree = "<group>";
		};
		D14AB1991F2B228300B7FCBA /* Common */ = {
			isa = PBXGroup;
			children = (
				D1891E3B2095966700251CA3 /* CustomViews */,
				D12A4FB21F6C264300B2DEF4 /* Entities */,
				D1FA0E171F3AE13000E3A0E4 /* Constants */,
				D1FA0E181F3AE14E00E3A0E4 /* SubClasses */,
				D1FA0E0B1F38586700E3A0E4 /* Utilities */,
				D14AB19A1F2B228B00B7FCBA /* Extensions */,
			);
			name = Common;
			sourceTree = "<group>";
		};
		D14AB19A1F2B228B00B7FCBA /* Extensions */ = {
			isa = PBXGroup;
			children = (
				D1891E2B2095961000251CA3 /* ArrayExtensions.swift */,
				D1891E2F2095961000251CA3 /* DateExtensions.swift */,
				D1891E312095961000251CA3 /* DictionaryExtensions.swift */,
				D1891E2E2095961000251CA3 /* UIColorExtensions.swift */,
				D1891E322095961000251CA3 /* UIEdgeInsetsExtensions.swift */,
				D1891E302095961000251CA3 /* UIStackViewExtensions.swift */,
				D1891E2C2095961000251CA3 /* UITableViewCellExtensions.swift */,
				D1891E2D2095961000251CA3 /* UIViewControllerExtensions.swift */,
				D14AB1A91F2DC76B00B7FCBA /* UIScreenExtensions.swift */,
				D14AB19B1F2B22E100B7FCBA /* UIViewExtensions.swift */,
			);
			name = Extensions;
			sourceTree = "<group>";
		};
		D14AB19D1F2B231C00B7FCBA /* Modules */ = {
			isa = PBXGroup;
			children = (
				D10744D31F80664200C0DC47 /* RosarySessionInfo */,
				D12A4FAE1F6C260B00B2DEF4 /* Prayer */,
				D14AB19E1F2B232400B7FCBA /* Home */,
			);
			name = Modules;
			sourceTree = "<group>";
		};
		D14AB19E1F2B232400B7FCBA /* Home */ = {
			isa = PBXGroup;
			children = (
				D1FA0E1B1F3AE48200E3A0E4 /* View */,
				D1FA0E1A1F3AE47D00E3A0E4 /* ViewModel */,
			);
			name = Home;
			sourceTree = "<group>";
		};
		D14CA5151FDE60F900B2EC09 /* ViewControllers */ = {
			isa = PBXGroup;
			children = (
				D1891E14209594FC00251CA3 /* MainTabBarController.swift */,
				D1891E15209594FC00251CA3 /* NavigationController.swift */,
				D1891E13209594FC00251CA3 /* TableViewController.swift */,
				D14CA51D1FDE66F600B2EC09 /* ViewController.swift */,
			);
			name = ViewControllers;
			sourceTree = "<group>";
		};
		D14CA5161FDE60FE00B2EC09 /* Views */ = {
			isa = PBXGroup;
			children = (
				D182B7CE20735EB800B19BD3 /* TextField.swift */,
				D1891E5720981A7B00251CA3 /* Label.swift */,
			);
			name = Views;
			sourceTree = "<group>";
		};
		D151294E1FF370D500DEB96C /* Resources */ = {
			isa = PBXGroup;
			children = (
				D1891E4E2095972300251CA3 /* JSON */,
				D151294F1FF370DF00DEB96C /* Fonts */,
			);
			name = Resources;
			sourceTree = "<group>";
		};
		D151294F1FF370DF00DEB96C /* Fonts */ = {
			isa = PBXGroup;
			children = (
				D15129541FF371D300DEB96C /* NanumBarunGothic.ttf */,
				D15129551FF371D300DEB96C /* NanumBarunGothicBold.ttf */,
			);
			name = Fonts;
			sourceTree = "<group>";
		};
		D15129581FF374A100DEB96C /* Cells */ = {
			isa = PBXGroup;
			children = (
				D1891DFF2095942900251CA3 /* OtherPrayerTableViewCell.swift */,
				D1891DFD2095942900251CA3 /* RosaryFinishingPrayerTableViewCell.swift */,
				D1891E002095942900251CA3 /* RosaryStartingPrayerTableViewCell.swift */,
				D1891DFE2095942900251CA3 /* RosarySubMysteryTableViewCell.swift */,
			);
			name = Cells;
			sourceTree = "<group>";
		};
		D17F8EF8200ADC4E0083A480 /* Realm */ = {
			isa = PBXGroup;
			children = (
				D1891E442095969C00251CA3 /* RealmError.swift */,
				D17F8EFB200ADD190083A480 /* RosaryRecord.swift */,
			);
			name = Realm;
			sourceTree = "<group>";
		};
		D1891E252095959900251CA3 /* CommonCells */ = {
			isa = PBXGroup;
			children = (
				D1891E26209595A700251CA3 /* SpacingTableViewCell.swift */,
			);
			name = CommonCells;
			sourceTree = "<group>";
		};
		D1891E28209595C000251CA3 /* FileIO */ = {
			isa = PBXGroup;
			children = (
				D1891E29209595CD00251CA3 /* FileUtility.swift */,
			);
			name = FileIO;
			sourceTree = "<group>";
		};
		D1891E3B2095966700251CA3 /* CustomViews */ = {
			isa = PBXGroup;
			children = (
				D1891E59209E85F300251CA3 /* Calendar */,
				D1891E3F2095967A00251CA3 /* ModalView.swift */,
				D1891E402095967A00251CA3 /* ProgressBar.swift */,
				D1891E3E2095967A00251CA3 /* RoundView.swift */,
			);
			name = CustomViews;
			sourceTree = "<group>";
		};
		D1891E4E2095972300251CA3 /* JSON */ = {
			isa = PBXGroup;
			children = (
				D1891E4F2095972F00251CA3 /* prayers.json */,
				D1891E502095972F00251CA3 /* rosaryPrayers.json */,
			);
			name = JSON;
			sourceTree = "<group>";
		};
		D1891E59209E85F300251CA3 /* Calendar */ = {
			isa = PBXGroup;
			children = (
				D1891E7A209E86A900251CA3 /* Model */,
				D1891E72209E86A800251CA3 /* View */,
				D1891E78209E86A800251CA3 /* ViewModel */,
			);
			name = Calendar;
			sourceTree = "<group>";
		};
		D1891E72209E86A800251CA3 /* View */ = {
			isa = PBXGroup;
			children = (
				D1891E87209E87B200251CA3 /* CalendarView.swift */,
				D1891E74209E86A800251CA3 /* CalendarDayCollectionViewCell.swift */,
				D1891E89209E89FE00251CA3 /* CalendarDayView.swift */,
				D1891E76209E86A800251CA3 /* CalendarMonthCollectionViewCell.swift */,
				D1891E77209E86A800251CA3 /* CalendarMonthView.swift */,
			);
			name = View;
			path = Common/CustomViews/Calendar/View;
			sourceTree = "<group>";
		};
		D1891E78209E86A800251CA3 /* ViewModel */ = {
			isa = PBXGroup;
			children = (
				D1891E79209E86A800251CA3 /* CalendarViewModel.swift */,
			);
			name = ViewModel;
			path = Common/CustomViews/Calendar/ViewModel;
			sourceTree = "<group>";
		};
		D1891E7A209E86A900251CA3 /* Model */ = {
			isa = PBXGroup;
			children = (
				D1891E7B209E86A900251CA3 /* CalendarMonth.swift */,
				D1891E7C209E86A900251CA3 /* DayOfWeek.swift */,
				D1891E7D209E86A900251CA3 /* MonthOfYear.swift */,
			);
			name = Model;
			path = Common/CustomViews/Calendar/Model;
			sourceTree = "<group>";
		};
		D1B85A251FD84C4600C8DCCF /* Cells */ = {
			isa = PBXGroup;
			children = (
				D1891E46209596CA00251CA3 /* HomeCurrentRosaryInfoTableViewCell.swift */,
				D1891E47209596CA00251CA3 /* HomePrayerEntryTableViewCell.swift */,
			);
			name = Cells;
			sourceTree = "<group>";
		};
		D1CFD6021E15BFFE00E5FE23 = {
			isa = PBXGroup;
			children = (
				D1CFD60D1E15BFFE00E5FE23 /* 54Days */,
				E345FC7B71F21C29BB6D93C8 /* Pods */,
				F6CA92315A1211F70729CB6C /* Frameworks */,
				D102FF101EB1833700C6178A /* 54Days.app */,
			);
			sourceTree = "<group>";
		};
		D1CFD60D1E15BFFE00E5FE23 /* 54Days */ = {
			isa = PBXGroup;
			children = (
				D151294E1FF370D500DEB96C /* Resources */,
				D14AB19D1F2B231C00B7FCBA /* Modules */,
				D14AB1991F2B228300B7FCBA /* Common */,
				D1D521B51E64CE86007B03C1 /* Assets.xcassets */,
				D1CFD6121E15BFFE00E5FE23 /* Main.storyboard */,
				D1CFD61A1E15BFFE00E5FE23 /* LaunchScreen.storyboard */,
				D1CFD60E1E15BFFE00E5FE23 /* AppDelegate.swift */,
				D1CFD61D1E15BFFE00E5FE23 /* Info.plist */,
				D14CA5141FDE605F00B2EC09 /* 54Days-Bridging-Header.h */,
			);
			path = 54Days;
			sourceTree = "<group>";
		};
		D1FA0E0B1F38586700E3A0E4 /* Utilities */ = {
			isa = PBXGroup;
			children = (
				D1891E28209595C000251CA3 /* FileIO */,
				D1FAB11B1F661F1B00CEAA5B /* TableView */,
			);
			name = Utilities;
			sourceTree = "<group>";
		};
		D1FA0E171F3AE13000E3A0E4 /* Constants */ = {
			isa = PBXGroup;
			children = (
				D1891E0E2095948B00251CA3 /* Color.swift */,
				D1891E0D2095948B00251CA3 /* CornerRadius.swift */,
				D1891E0B2095948B00251CA3 /* Font.swift */,
				D1891E0C2095948B00251CA3 /* Spacing.swift */,
				D1891E092095945700251CA3 /* Unicode.swift */,
				D1845AE020777166008CBE88 /* RosaryConstants.swift */,
				D1891E542098186B00251CA3 /* TextAttributes.swift */,
			);
			name = Constants;
			sourceTree = "<group>";
		};
		D1FA0E181F3AE14E00E3A0E4 /* SubClasses */ = {
			isa = PBXGroup;
			children = (
				D14CA5161FDE60FE00B2EC09 /* Views */,
				D14CA5151FDE60F900B2EC09 /* ViewControllers */,
			);
			name = SubClasses;
			sourceTree = "<group>";
		};
		D1FA0E1A1F3AE47D00E3A0E4 /* ViewModel */ = {
			isa = PBXGroup;
			children = (
				D1891E4C209596E300251CA3 /* HomeViewModel.swift */,
			);
			name = ViewModel;
			sourceTree = "<group>";
		};
		D1FA0E1B1F3AE48200E3A0E4 /* View */ = {
			isa = PBXGroup;
			children = (
				D1B85A251FD84C4600C8DCCF /* Cells */,
				D1891E4A209596D800251CA3 /* HomeViewController.swift */,
			);
			name = View;
			sourceTree = "<group>";
		};
		D1FAB11B1F661F1B00CEAA5B /* TableView */ = {
			isa = PBXGroup;
			children = (
				D1891E252095959900251CA3 /* CommonCells */,
				D1891E1A2095959800251CA3 /* CellConfiguratorSection.swift */,
				D1891E192095959800251CA3 /* CellConfiguratorType.swift */,
				D1891E1E2095959800251CA3 /* CellUpdatable.swift */,
				D1891E1B2095959800251CA3 /* TableCellConfigurator.swift */,
				D1891E1D2095959800251CA3 /* TableView.swift */,
				D1891E1C2095959800251CA3 /* TableViewUtility.swift */,
			);
			name = TableView;
			sourceTree = "<group>";
		};
		E345FC7B71F21C29BB6D93C8 /* Pods */ = {
			isa = PBXGroup;
			children = (
				9280CFE11836EE8FA675D593 /* Pods-54Days.debug.xcconfig */,
				45C08E12F89B9E26CD63F6C7 /* Pods-54Days.release.xcconfig */,
			);
			name = Pods;
			sourceTree = "<group>";
		};
		F6CA92315A1211F70729CB6C /* Frameworks */ = {
			isa = PBXGroup;
			children = (
				D17F8EB01FFE17940083A480 /* SwiftyCalendar.framework */,
				CE6CFBD32541CC9432F89DC4 /* Pods_54Days.framework */,
			);
			name = Frameworks;
			sourceTree = "<group>";
		};
/* End PBXGroup section */

/* Begin PBXNativeTarget section */
		D1CFD60A1E15BFFE00E5FE23 /* 54Days */ = {
			isa = PBXNativeTarget;
			buildConfigurationList = D1CFD6201E15BFFE00E5FE23 /* Build configuration list for PBXNativeTarget "54Days" */;
			buildPhases = (
				67D11C7A12664ED2E3C4ACD8 /* [CP] Check Pods Manifest.lock */,
				D1CFD6071E15BFFE00E5FE23 /* Sources */,
				D1CFD6081E15BFFE00E5FE23 /* Frameworks */,
				D1CFD6091E15BFFE00E5FE23 /* Resources */,
				3D02B13B357C4C4CA1339950 /* [CP] Embed Pods Frameworks */,
				09A2222765017188E58C5FF5 /* [CP] Copy Pods Resources */,
				D17F8EB71FFE1A030083A480 /* Embed Frameworks */,
			);
			buildRules = (
			);
			dependencies = (
			);
			name = 54Days;
			productName = Rosary;
			productReference = D102FF101EB1833700C6178A /* 54Days.app */;
			productType = "com.apple.product-type.application";
		};
/* End PBXNativeTarget section */

/* Begin PBXProject section */
		D1CFD6031E15BFFE00E5FE23 /* Project object */ = {
			isa = PBXProject;
			attributes = {
				LastSwiftUpdateCheck = 0810;
				LastUpgradeCheck = 0830;
				ORGANIZATIONNAME = sang;
				TargetAttributes = {
					D1CFD60A1E15BFFE00E5FE23 = {
						CreatedOnToolsVersion = 8.1;
						DevelopmentTeam = 4W227SQZ26;
						ProvisioningStyle = Automatic;
					};
				};
			};
			buildConfigurationList = D1CFD6061E15BFFE00E5FE23 /* Build configuration list for PBXProject "54Days" */;
			compatibilityVersion = "Xcode 3.2";
			developmentRegion = English;
			hasScannedForEncodings = 0;
			knownRegions = (
				en,
				Base,
			);
			mainGroup = D1CFD6021E15BFFE00E5FE23;
			productRefGroup = D1CFD6021E15BFFE00E5FE23;
			projectDirPath = "";
			projectRoot = "";
			targets = (
				D1CFD60A1E15BFFE00E5FE23 /* 54Days */,
			);
		};
/* End PBXProject section */

/* Begin PBXResourcesBuildPhase section */
		D1CFD6091E15BFFE00E5FE23 /* Resources */ = {
			isa = PBXResourcesBuildPhase;
			buildActionMask = 2147483647;
			files = (
				D15129571FF371D300DEB96C /* NanumBarunGothicBold.ttf in Resources */,
				D1CFD61C1E15BFFE00E5FE23 /* LaunchScreen.storyboard in Resources */,
				D1891E522095972F00251CA3 /* rosaryPrayers.json in Resources */,
				D1891E512095972F00251CA3 /* prayers.json in Resources */,
				D1D521B61E64CE86007B03C1 /* Assets.xcassets in Resources */,
				D15129561FF371D300DEB96C /* NanumBarunGothic.ttf in Resources */,
				D1CFD6141E15BFFE00E5FE23 /* Main.storyboard in Resources */,
			);
			runOnlyForDeploymentPostprocessing = 0;
		};
/* End PBXResourcesBuildPhase section */

/* Begin PBXShellScriptBuildPhase section */
		09A2222765017188E58C5FF5 /* [CP] Copy Pods Resources */ = {
			isa = PBXShellScriptBuildPhase;
			buildActionMask = 2147483647;
			files = (
			);
			inputPaths = (
			);
			name = "[CP] Copy Pods Resources";
			outputPaths = (
			);
			runOnlyForDeploymentPostprocessing = 0;
			shellPath = /bin/sh;
			shellScript = "\"${SRCROOT}/Pods/Target Support Files/Pods-54Days/Pods-54Days-resources.sh\"\n";
			showEnvVarsInLog = 0;
		};
		3D02B13B357C4C4CA1339950 /* [CP] Embed Pods Frameworks */ = {
			isa = PBXShellScriptBuildPhase;
			buildActionMask = 2147483647;
			files = (
			);
			inputPaths = (
				"${SRCROOT}/Pods/Target Support Files/Pods-54Days/Pods-54Days-frameworks.sh",
				"${BUILT_PRODUCTS_DIR}/Realm/Realm.framework",
				"${BUILT_PRODUCTS_DIR}/RealmSwift/RealmSwift.framework",
				"${BUILT_PRODUCTS_DIR}/SnapKit/SnapKit.framework",
				"${BUILT_PRODUCTS_DIR}/SwiftyJSON/SwiftyJSON.framework",
			);
			name = "[CP] Embed Pods Frameworks";
			outputPaths = (
				"${TARGET_BUILD_DIR}/${FRAMEWORKS_FOLDER_PATH}/Realm.framework",
				"${TARGET_BUILD_DIR}/${FRAMEWORKS_FOLDER_PATH}/RealmSwift.framework",
				"${TARGET_BUILD_DIR}/${FRAMEWORKS_FOLDER_PATH}/SnapKit.framework",
				"${TARGET_BUILD_DIR}/${FRAMEWORKS_FOLDER_PATH}/SwiftyJSON.framework",
			);
			runOnlyForDeploymentPostprocessing = 0;
			shellPath = /bin/sh;
			shellScript = "\"${SRCROOT}/Pods/Target Support Files/Pods-54Days/Pods-54Days-frameworks.sh\"\n";
			showEnvVarsInLog = 0;
		};
		67D11C7A12664ED2E3C4ACD8 /* [CP] Check Pods Manifest.lock */ = {
			isa = PBXShellScriptBuildPhase;
			buildActionMask = 2147483647;
			files = (
			);
			inputPaths = (
				"${PODS_PODFILE_DIR_PATH}/Podfile.lock",
				"${PODS_ROOT}/Manifest.lock",
			);
			name = "[CP] Check Pods Manifest.lock";
			outputPaths = (
				"$(DERIVED_FILE_DIR)/Pods-54Days-checkManifestLockResult.txt",
			);
			runOnlyForDeploymentPostprocessing = 0;
			shellPath = /bin/sh;
			shellScript = "diff \"${PODS_PODFILE_DIR_PATH}/Podfile.lock\" \"${PODS_ROOT}/Manifest.lock\" > /dev/null\nif [ $? != 0 ] ; then\n    # print error to STDERR\n    echo \"error: The sandbox is not in sync with the Podfile.lock. Run 'pod install' or update your CocoaPods installation.\" >&2\n    exit 1\nfi\n# This output is used by Xcode 'outputs' to avoid re-running this script phase.\necho \"SUCCESS\" > \"${SCRIPT_OUTPUT_FILE_0}\"\n";
			showEnvVarsInLog = 0;
		};
/* End PBXShellScriptBuildPhase section */

/* Begin PBXSourcesBuildPhase section */
		D1CFD6071E15BFFE00E5FE23 /* Sources */ = {
			isa = PBXSourcesBuildPhase;
			buildActionMask = 2147483647;
			files = (
				D1891E202095959800251CA3 /* CellConfiguratorSection.swift in Sources */,
				D11E08F32022F360008831CA /* SwiftyCalendar.framework in Sources */,
				D17F73DA20495A470012B8AE /* RosaryFormModalView.swift in Sources */,
				D1891E8A209E89FF00251CA3 /* CalendarDayView.swift in Sources */,
				D1891E022095942900251CA3 /* RosarySubMysteryTableViewCell.swift in Sources */,
				D1891E012095942900251CA3 /* RosaryFinishingPrayerTableViewCell.swift in Sources */,
				D1FDDF2F1E28A469003B4189 /* OtherPrayer.swift in Sources */,
				D1845AE120777166008CBE88 /* RosaryConstants.swift in Sources */,
				D1891E212095959800251CA3 /* TableCellConfigurator.swift in Sources */,
				D14AB19C1F2B22E100B7FCBA /* UIViewExtensions.swift in Sources */,
				D1891E042095942900251CA3 /* RosaryStartingPrayerTableViewCell.swift in Sources */,
				D1891E3A2095961000251CA3 /* UIEdgeInsetsExtensions.swift in Sources */,
				D1891E372095961000251CA3 /* DateExtensions.swift in Sources */,
				D17F8EFC200ADD190083A480 /* RosaryRecord.swift in Sources */,
				D1891E122095948B00251CA3 /* Color.swift in Sources */,
				D1CFD60F1E15BFFE00E5FE23 /* AppDelegate.swift in Sources */,
				D1891E88209E87B200251CA3 /* CalendarView.swift in Sources */,
				D1891E392095961000251CA3 /* DictionaryExtensions.swift in Sources */,
				D1891E84209E86A900251CA3 /* CalendarMonth.swift in Sources */,
				D1891E4D209596E300251CA3 /* HomeViewModel.swift in Sources */,
				D1891E16209594FC00251CA3 /* TableViewController.swift in Sources */,
				D1891E352095961000251CA3 /* UIViewControllerExtensions.swift in Sources */,
				D14CA51A1FDE63A000B2EC09 /* RosarySessionInfoViewModel.swift in Sources */,
				D1891E4B209596D800251CA3 /* HomeViewController.swift in Sources */,
				D1443FB61E492F1F00EB66DB /* PrayerType.swift in Sources */,
				D1891E18209594FC00251CA3 /* NavigationController.swift in Sources */,
				D1891E85209E86A900251CA3 /* DayOfWeek.swift in Sources */,
				D1891E83209E86A900251CA3 /* CalendarViewModel.swift in Sources */,
				D1891E82209E86A900251CA3 /* CalendarMonthView.swift in Sources */,
				D1891E242095959800251CA3 /* CellUpdatable.swift in Sources */,
				D1891E382095961000251CA3 /* UIStackViewExtensions.swift in Sources */,
				D13B4A821E52980C00069FEB /* RosaryMystery.swift in Sources */,
				D1891E2A209595CD00251CA3 /* FileUtility.swift in Sources */,
				D1891E0F2095948B00251CA3 /* Font.swift in Sources */,
				D1891E432095967B00251CA3 /* ProgressBar.swift in Sources */,
				D1891E062095943400251CA3 /* PrayerViewController.swift in Sources */,
				D1891E342095961000251CA3 /* UITableViewCellExtensions.swift in Sources */,
				D1891E81209E86A900251CA3 /* CalendarMonthCollectionViewCell.swift in Sources */,
				D1891E0A2095945700251CA3 /* Unicode.swift in Sources */,
				D1891E7F209E86A900251CA3 /* CalendarDayCollectionViewCell.swift in Sources */,
				D1891E332095961000251CA3 /* ArrayExtensions.swift in Sources */,
				D1891E48209596CA00251CA3 /* HomeCurrentRosaryInfoTableViewCell.swift in Sources */,
				D1891E552098186B00251CA3 /* TextAttributes.swift in Sources */,
				D1891E27209595A700251CA3 /* SpacingTableViewCell.swift in Sources */,
				D1891E102095948B00251CA3 /* Spacing.swift in Sources */,
				D1891E422095967B00251CA3 /* ModalView.swift in Sources */,
				D1891E452095969C00251CA3 /* RealmError.swift in Sources */,
				D1891E112095948B00251CA3 /* CornerRadius.swift in Sources */,
				D1891E032095942900251CA3 /* OtherPrayerTableViewCell.swift in Sources */,
				D1891E412095967B00251CA3 /* RoundView.swift in Sources */,
				D1891E362095961000251CA3 /* UIColorExtensions.swift in Sources */,
				D1891E1F2095959800251CA3 /* CellConfiguratorType.swift in Sources */,
				D13419332085ACE6002596C3 /* RosaryPeriod.swift in Sources */,
				D182B7CF20735EB800B19BD3 /* TextField.swift in Sources */,
				D1891E222095959800251CA3 /* TableViewUtility.swift in Sources */,
				D1891E17209594FC00251CA3 /* MainTabBarController.swift in Sources */,
				D1891E5820981A7B00251CA3 /* Label.swift in Sources */,
				D1891E86209E86A900251CA3 /* MonthOfYear.swift in Sources */,
				D1891E49209596CA00251CA3 /* HomePrayerEntryTableViewCell.swift in Sources */,
				D14CA51E1FDE66F600B2EC09 /* ViewController.swift in Sources */,
				D1891E232095959800251CA3 /* TableView.swift in Sources */,
				D14CA5181FDE615A00B2EC09 /* RosarySessionInfoViewController.swift in Sources */,
				D1891E082095944000251CA3 /* PrayerViewModel.swift in Sources */,
				D14AB1AA1F2DC76B00B7FCBA /* UIScreenExtensions.swift in Sources */,
			);
			runOnlyForDeploymentPostprocessing = 0;
		};
/* End PBXSourcesBuildPhase section */

/* Begin PBXVariantGroup section */
		D1CFD6121E15BFFE00E5FE23 /* Main.storyboard */ = {
			isa = PBXVariantGroup;
			children = (
				D1CFD6131E15BFFE00E5FE23 /* Base */,
			);
			name = Main.storyboard;
			sourceTree = "<group>";
		};
		D1CFD61A1E15BFFE00E5FE23 /* LaunchScreen.storyboard */ = {
			isa = PBXVariantGroup;
			children = (
				D1CFD61B1E15BFFE00E5FE23 /* Base */,
			);
			name = LaunchScreen.storyboard;
			sourceTree = "<group>";
		};
/* End PBXVariantGroup section */

/* Begin XCBuildConfiguration section */
		D1CFD61E1E15BFFE00E5FE23 /* Debug */ = {
			isa = XCBuildConfiguration;
			buildSettings = {
				ALWAYS_SEARCH_USER_PATHS = NO;
				CLANG_ANALYZER_NONNULL = YES;
				CLANG_CXX_LANGUAGE_STANDARD = "gnu++0x";
				CLANG_CXX_LIBRARY = "libc++";
				CLANG_ENABLE_MODULES = YES;
				CLANG_ENABLE_OBJC_ARC = YES;
				CLANG_WARN_BOOL_CONVERSION = YES;
				CLANG_WARN_CONSTANT_CONVERSION = YES;
				CLANG_WARN_DIRECT_OBJC_ISA_USAGE = YES_ERROR;
				CLANG_WARN_DOCUMENTATION_COMMENTS = YES;
				CLANG_WARN_EMPTY_BODY = YES;
				CLANG_WARN_ENUM_CONVERSION = YES;
				CLANG_WARN_INFINITE_RECURSION = YES;
				CLANG_WARN_INT_CONVERSION = YES;
				CLANG_WARN_OBJC_ROOT_CLASS = YES_ERROR;
				CLANG_WARN_SUSPICIOUS_MOVE = YES;
				CLANG_WARN_SUSPICIOUS_MOVES = YES;
				CLANG_WARN_UNREACHABLE_CODE = YES;
				CLANG_WARN__DUPLICATE_METHOD_MATCH = YES;
				"CODE_SIGN_IDENTITY[sdk=iphoneos*]" = "iPhone Developer";
				COPY_PHASE_STRIP = NO;
				DEBUG_INFORMATION_FORMAT = dwarf;
				ENABLE_STRICT_OBJC_MSGSEND = YES;
				ENABLE_TESTABILITY = YES;
				GCC_C_LANGUAGE_STANDARD = gnu99;
				GCC_DYNAMIC_NO_PIC = NO;
				GCC_NO_COMMON_BLOCKS = YES;
				GCC_OPTIMIZATION_LEVEL = 0;
				GCC_PREPROCESSOR_DEFINITIONS = (
					"DEBUG=1",
					"$(inherited)",
				);
				GCC_WARN_64_TO_32_BIT_CONVERSION = YES;
				GCC_WARN_ABOUT_RETURN_TYPE = YES_ERROR;
				GCC_WARN_UNDECLARED_SELECTOR = YES;
				GCC_WARN_UNINITIALIZED_AUTOS = YES_AGGRESSIVE;
				GCC_WARN_UNUSED_FUNCTION = YES;
				GCC_WARN_UNUSED_VARIABLE = YES;
				IPHONEOS_DEPLOYMENT_TARGET = 10.0;
				MTL_ENABLE_DEBUG_INFO = YES;
				ONLY_ACTIVE_ARCH = YES;
				SDKROOT = iphoneos;
				SWIFT_ACTIVE_COMPILATION_CONDITIONS = DEBUG;
				SWIFT_OPTIMIZATION_LEVEL = "-Onone";
				TARGETED_DEVICE_FAMILY = "1,2";
			};
			name = Debug;
		};
		D1CFD61F1E15BFFE00E5FE23 /* Release */ = {
			isa = XCBuildConfiguration;
			buildSettings = {
				ALWAYS_SEARCH_USER_PATHS = NO;
				CLANG_ANALYZER_NONNULL = YES;
				CLANG_CXX_LANGUAGE_STANDARD = "gnu++0x";
				CLANG_CXX_LIBRARY = "libc++";
				CLANG_ENABLE_MODULES = YES;
				CLANG_ENABLE_OBJC_ARC = YES;
				CLANG_WARN_BOOL_CONVERSION = YES;
				CLANG_WARN_CONSTANT_CONVERSION = YES;
				CLANG_WARN_DIRECT_OBJC_ISA_USAGE = YES_ERROR;
				CLANG_WARN_DOCUMENTATION_COMMENTS = YES;
				CLANG_WARN_EMPTY_BODY = YES;
				CLANG_WARN_ENUM_CONVERSION = YES;
				CLANG_WARN_INFINITE_RECURSION = YES;
				CLANG_WARN_INT_CONVERSION = YES;
				CLANG_WARN_OBJC_ROOT_CLASS = YES_ERROR;
				CLANG_WARN_SUSPICIOUS_MOVE = YES;
				CLANG_WARN_SUSPICIOUS_MOVES = YES;
				CLANG_WARN_UNREACHABLE_CODE = YES;
				CLANG_WARN__DUPLICATE_METHOD_MATCH = YES;
				"CODE_SIGN_IDENTITY[sdk=iphoneos*]" = "iPhone Developer";
				COPY_PHASE_STRIP = NO;
				DEBUG_INFORMATION_FORMAT = "dwarf-with-dsym";
				ENABLE_NS_ASSERTIONS = NO;
				ENABLE_STRICT_OBJC_MSGSEND = YES;
				GCC_C_LANGUAGE_STANDARD = gnu99;
				GCC_NO_COMMON_BLOCKS = YES;
				GCC_WARN_64_TO_32_BIT_CONVERSION = YES;
				GCC_WARN_ABOUT_RETURN_TYPE = YES_ERROR;
				GCC_WARN_UNDECLARED_SELECTOR = YES;
				GCC_WARN_UNINITIALIZED_AUTOS = YES_AGGRESSIVE;
				GCC_WARN_UNUSED_FUNCTION = YES;
				GCC_WARN_UNUSED_VARIABLE = YES;
				IPHONEOS_DEPLOYMENT_TARGET = 10.0;
				MTL_ENABLE_DEBUG_INFO = NO;
				SDKROOT = iphoneos;
				SWIFT_OPTIMIZATION_LEVEL = "-Owholemodule";
				TARGETED_DEVICE_FAMILY = "1,2";
				VALIDATE_PRODUCT = YES;
			};
			name = Release;
		};
		D1CFD6211E15BFFE00E5FE23 /* Debug */ = {
			isa = XCBuildConfiguration;
			baseConfigurationReference = 9280CFE11836EE8FA675D593 /* Pods-54Days.debug.xcconfig */;
			buildSettings = {
				ASSETCATALOG_COMPILER_APPICON_NAME = AppIcon;
				"CODE_SIGN_IDENTITY[sdk=iphoneos*]" = "iPhone Developer";
				CODE_SIGN_STYLE = Automatic;
				DEVELOPMENT_TEAM = 4W227SQZ26;
				INFOPLIST_FILE = "$(SRCROOT)/54Days/Info.plist";
				IPHONEOS_DEPLOYMENT_TARGET = 11.0;
				LD_RUNPATH_SEARCH_PATHS = "$(inherited) @executable_path/Frameworks";
				PRODUCT_BUNDLE_IDENTIFIER = com.strangest.fiftyFour;
				PRODUCT_NAME = "$(TARGET_NAME)";
				PROVISIONING_PROFILE_SPECIFIER = "";
				SWIFT_VERSION = 4.0;
			};
			name = Debug;
		};
		D1CFD6221E15BFFE00E5FE23 /* Release */ = {
			isa = XCBuildConfiguration;
			baseConfigurationReference = 45C08E12F89B9E26CD63F6C7 /* Pods-54Days.release.xcconfig */;
			buildSettings = {
				ASSETCATALOG_COMPILER_APPICON_NAME = AppIcon;
				"CODE_SIGN_IDENTITY[sdk=iphoneos*]" = "iPhone Developer";
				CODE_SIGN_STYLE = Automatic;
				DEVELOPMENT_TEAM = 4W227SQZ26;
				INFOPLIST_FILE = "$(SRCROOT)/54Days/Info.plist";
				IPHONEOS_DEPLOYMENT_TARGET = 11.0;
				LD_RUNPATH_SEARCH_PATHS = "$(inherited) @executable_path/Frameworks";
				PRODUCT_BUNDLE_IDENTIFIER = com.strangest.fiftyFour;
				PRODUCT_NAME = "$(TARGET_NAME)";
				PROVISIONING_PROFILE_SPECIFIER = "";
				SWIFT_VERSION = 4.0;
			};
			name = Release;
		};
/* End XCBuildConfiguration section */

/* Begin XCConfigurationList section */
		D1CFD6061E15BFFE00E5FE23 /* Build configuration list for PBXProject "54Days" */ = {
			isa = XCConfigurationList;
			buildConfigurations = (
				D1CFD61E1E15BFFE00E5FE23 /* Debug */,
				D1CFD61F1E15BFFE00E5FE23 /* Release */,
			);
			defaultConfigurationIsVisible = 0;
			defaultConfigurationName = Release;
		};
		D1CFD6201E15BFFE00E5FE23 /* Build configuration list for PBXNativeTarget "54Days" */ = {
			isa = XCConfigurationList;
			buildConfigurations = (
				D1CFD6211E15BFFE00E5FE23 /* Debug */,
				D1CFD6221E15BFFE00E5FE23 /* Release */,
			);
			defaultConfigurationIsVisible = 0;
			defaultConfigurationName = Release;
		};
/* End XCConfigurationList section */
	};
	rootObject = D1CFD6031E15BFFE00E5FE23 /* Project object */;
}
