// !$*UTF8*$!
{
	archiveVersion = 1;
	classes = {
	};
	objectVersion = 46;
	objects = {

/* Begin PBXBuildFile section */
		C5649DD73D7B6B7B2F3568AC /* Pods_54Days.framework in Frameworks */ = {isa = PBXBuildFile; fileRef = CE6CFBD32541CC9432F89DC4 /* Pods_54Days.framework */; };
		D1197DD61EA9378300D2B1D1 /* NotesViewModel.swift in Sources */ = {isa = PBXBuildFile; fileRef = D1197DD51EA9378300D2B1D1 /* NotesViewModel.swift */; };
		D1197DD81EA93D9C00D2B1D1 /* UITableViewExtension.swift in Sources */ = {isa = PBXBuildFile; fileRef = D1197DD71EA93D9C00D2B1D1 /* UITableViewExtension.swift */; };
		D11B3A911E621D0A00831212 /* StringExtension.swift in Sources */ = {isa = PBXBuildFile; fileRef = D11B3A901E621D0A00831212 /* StringExtension.swift */; };
		D11B3A931E624ED000831212 /* GeneralPrayerCollectionViewCell.swift in Sources */ = {isa = PBXBuildFile; fileRef = D11B3A921E624ED000831212 /* GeneralPrayerCollectionViewCell.swift */; };
		D1264EC51E4A6C5A007123AD /* CalendarResetModalView.swift in Sources */ = {isa = PBXBuildFile; fileRef = D1264EC41E4A6C5A007123AD /* CalendarResetModalView.swift */; };
		D12CDA061EA57E03005A857C /* PrayersListHeaderView.swift in Sources */ = {isa = PBXBuildFile; fileRef = D12CDA051EA57E03005A857C /* PrayersListHeaderView.swift */; };
		D13B4A7A1E5292F500069FEB /* StartingPrayerCollectionViewCell.swift in Sources */ = {isa = PBXBuildFile; fileRef = D13B4A791E5292F400069FEB /* StartingPrayerCollectionViewCell.swift */; };
		D13B4A7C1E52930F00069FEB /* MainPrayerCollectionViewCell.swift in Sources */ = {isa = PBXBuildFile; fileRef = D13B4A7B1E52930F00069FEB /* MainPrayerCollectionViewCell.swift */; };
		D13B4A7E1E52931800069FEB /* EndingPrayerCollectionViewCell.swift in Sources */ = {isa = PBXBuildFile; fileRef = D13B4A7D1E52931800069FEB /* EndingPrayerCollectionViewCell.swift */; };
		D13B4A801E5294FE00069FEB /* PrayersViewController.swift in Sources */ = {isa = PBXBuildFile; fileRef = D13B4A7F1E5294FE00069FEB /* PrayersViewController.swift */; };
		D13B4A821E52980C00069FEB /* RosaryPrayer.swift in Sources */ = {isa = PBXBuildFile; fileRef = D13B4A811E52980C00069FEB /* RosaryPrayer.swift */; };
		D1433DA51E74C3AD00B05CBB /* AppCommon.swift in Sources */ = {isa = PBXBuildFile; fileRef = D1433DA41E74C3AD00B05CBB /* AppCommon.swift */; };
		D1433DA91E74C41B00B05CBB /* RosaryColor.swift in Sources */ = {isa = PBXBuildFile; fileRef = D1433DA81E74C41B00B05CBB /* RosaryColor.swift */; };
		D1433DAB1E74D2DE00B05CBB /* RosaryMysteryType.swift in Sources */ = {isa = PBXBuildFile; fileRef = D1433DAA1E74D2DE00B05CBB /* RosaryMysteryType.swift */; };
		D1443FB01E4483C200EB66DB /* CalendarHeaderView.xib in Resources */ = {isa = PBXBuildFile; fileRef = D1443FAF1E4483C200EB66DB /* CalendarHeaderView.xib */; };
		D1443FB21E44887B00EB66DB /* CalendarHeaderView.swift in Sources */ = {isa = PBXBuildFile; fileRef = D1443FB11E44887B00EB66DB /* CalendarHeaderView.swift */; };
		D1443FB41E4856E200EB66DB /* CalendarViewController.swift in Sources */ = {isa = PBXBuildFile; fileRef = D1443FB31E4856E200EB66DB /* CalendarViewController.swift */; };
		D1443FB61E492F1F00EB66DB /* GeneralPrayerType.swift in Sources */ = {isa = PBXBuildFile; fileRef = D1443FB51E492F1F00EB66DB /* GeneralPrayerType.swift */; };
		D155C8D81E1D7CF400236BF0 /* rosaryPrayers.json in Resources */ = {isa = PBXBuildFile; fileRef = D155C8D71E1D7CF400236BF0 /* rosaryPrayers.json */; };
		D15E7B4A1EB3CF900015EA73 /* CreditsViewController.swift in Sources */ = {isa = PBXBuildFile; fileRef = D15E7B491EB3CF900015EA73 /* CreditsViewController.swift */; };
		D15E7B4C1EB3D09E0015EA73 /* ArrayExtension.swift in Sources */ = {isa = PBXBuildFile; fileRef = D15E7B4B1EB3D09E0015EA73 /* ArrayExtension.swift */; };
		D172E00D1EA9809000BD9B07 /* NoteEditViewModel.swift in Sources */ = {isa = PBXBuildFile; fileRef = D172E00C1EA9809000BD9B07 /* NoteEditViewModel.swift */; };
		D17AEA4F1E7DCE10005CA1F2 /* NotesViewController.swift in Sources */ = {isa = PBXBuildFile; fileRef = D17AEA4E1E7DCE10005CA1F2 /* NotesViewController.swift */; };
		D17AEA511E7DD014005CA1F2 /* PrayerNote.swift in Sources */ = {isa = PBXBuildFile; fileRef = D17AEA501E7DD014005CA1F2 /* PrayerNote.swift */; };
		D17AEA531E7DDBFA005CA1F2 /* NoteEditViewController.swift in Sources */ = {isa = PBXBuildFile; fileRef = D17AEA521E7DDBFA005CA1F2 /* NoteEditViewController.swift */; };
		D17C4F4C1E8751B80070DA0A /* MainTabBarController.swift in Sources */ = {isa = PBXBuildFile; fileRef = D17C4F4B1E8751B80070DA0A /* MainTabBarController.swift */; };
		D17EEA731E3D4501005645C4 /* CalendarDayCellView.xib in Resources */ = {isa = PBXBuildFile; fileRef = D17EEA721E3D4501005645C4 /* CalendarDayCellView.xib */; };
		D17EEA751E3D4591005645C4 /* CalendarDayCellView.swift in Sources */ = {isa = PBXBuildFile; fileRef = D17EEA741E3D4591005645C4 /* CalendarDayCellView.swift */; };
		D17EEA9B1E3EE532005645C4 /* PrayersListCollectionViewCell.swift in Sources */ = {isa = PBXBuildFile; fileRef = D17EEA9A1E3EE532005645C4 /* PrayersListCollectionViewCell.swift */; };
		D1A1BBF51E4D6AA00003DE73 /* RosaryPeriod.swift in Sources */ = {isa = PBXBuildFile; fileRef = D1A1BBF41E4D6AA00003DE73 /* RosaryPeriod.swift */; };
		D1A5D08C1EB2CE4D001C1FFA /* CalendarViewModel.swift in Sources */ = {isa = PBXBuildFile; fileRef = D1A5D08B1EB2CE4D001C1FFA /* CalendarViewModel.swift */; };
		D1A997101E8D9BC5003C5C5C /* PrayersListViewModel.swift in Sources */ = {isa = PBXBuildFile; fileRef = D1A9970F1E8D9BC5003C5C5C /* PrayersListViewModel.swift */; };
		D1A997121E8DA8C3003C5C5C /* PrayersViewModel.swift in Sources */ = {isa = PBXBuildFile; fileRef = D1A997111E8DA8C3003C5C5C /* PrayersViewModel.swift */; };
		D1CFD60F1E15BFFE00E5FE23 /* AppDelegate.swift in Sources */ = {isa = PBXBuildFile; fileRef = D1CFD60E1E15BFFE00E5FE23 /* AppDelegate.swift */; };
		D1CFD6111E15BFFE00E5FE23 /* PrayersListViewController.swift in Sources */ = {isa = PBXBuildFile; fileRef = D1CFD6101E15BFFE00E5FE23 /* PrayersListViewController.swift */; };
		D1CFD6141E15BFFE00E5FE23 /* Main.storyboard in Resources */ = {isa = PBXBuildFile; fileRef = D1CFD6121E15BFFE00E5FE23 /* Main.storyboard */; };
		D1CFD61C1E15BFFE00E5FE23 /* LaunchScreen.storyboard in Resources */ = {isa = PBXBuildFile; fileRef = D1CFD61A1E15BFFE00E5FE23 /* LaunchScreen.storyboard */; };
		D1CFD6241E15C70200E5FE23 /* ColorExtension.swift in Sources */ = {isa = PBXBuildFile; fileRef = D1CFD6231E15C70200E5FE23 /* ColorExtension.swift */; };
		D1D4DADC1EA7E83E00933379 /* Prayer.swift in Sources */ = {isa = PBXBuildFile; fileRef = D1D4DADB1EA7E83E00933379 /* Prayer.swift */; };
		D1D521B61E64CE86007B03C1 /* Assets.xcassets in Resources */ = {isa = PBXBuildFile; fileRef = D1D521B51E64CE86007B03C1 /* Assets.xcassets */; };
		D1D521B81E651252007B03C1 /* CreditsModalViewController.swift in Sources */ = {isa = PBXBuildFile; fileRef = D1D521B71E651252007B03C1 /* CreditsModalViewController.swift */; };
		D1D521BA1E651CDE007B03C1 /* PrayersCollectionHeaderView.swift in Sources */ = {isa = PBXBuildFile; fileRef = D1D521B91E651CDE007B03C1 /* PrayersCollectionHeaderView.swift */; };
		D1DAD02B1E415CA9002300FC /* UIViewExtension.swift in Sources */ = {isa = PBXBuildFile; fileRef = D1DAD02A1E415CA9002300FC /* UIViewExtension.swift */; };
		D1DAD0371E42F7DE002300FC /* CalendarViewControllerExtension.swift in Sources */ = {isa = PBXBuildFile; fileRef = D1DAD0361E42F7DE002300FC /* CalendarViewControllerExtension.swift */; };
		D1F65A141EA65DA300803867 /* PrayerType.swift in Sources */ = {isa = PBXBuildFile; fileRef = D1F65A131EA65DA300803867 /* PrayerType.swift */; };
		D1FDDF2D1E28A429003B4189 /* prayers.json in Resources */ = {isa = PBXBuildFile; fileRef = D1FDDF2C1E28A429003B4189 /* prayers.json */; };
		D1FDDF2F1E28A469003B4189 /* GeneralPrayer.swift in Sources */ = {isa = PBXBuildFile; fileRef = D1FDDF2E1E28A469003B4189 /* GeneralPrayer.swift */; };
/* End PBXBuildFile section */

/* Begin PBXFileReference section */
		45C08E12F89B9E26CD63F6C7 /* Pods-54Days.release.xcconfig */ = {isa = PBXFileReference; includeInIndex = 1; lastKnownFileType = text.xcconfig; name = "Pods-54Days.release.xcconfig"; path = "Pods/Target Support Files/Pods-54Days/Pods-54Days.release.xcconfig"; sourceTree = "<group>"; };
		9280CFE11836EE8FA675D593 /* Pods-54Days.debug.xcconfig */ = {isa = PBXFileReference; includeInIndex = 1; lastKnownFileType = text.xcconfig; name = "Pods-54Days.debug.xcconfig"; path = "Pods/Target Support Files/Pods-54Days/Pods-54Days.debug.xcconfig"; sourceTree = "<group>"; };
		CE6CFBD32541CC9432F89DC4 /* Pods_54Days.framework */ = {isa = PBXFileReference; explicitFileType = wrapper.framework; includeInIndex = 0; path = Pods_54Days.framework; sourceTree = BUILT_PRODUCTS_DIR; };
		D102FF101EB1833700C6178A /* 54Days.app */ = {isa = PBXFileReference; explicitFileType = wrapper.application; includeInIndex = 0; path = 54Days.app; sourceTree = BUILT_PRODUCTS_DIR; };
		D1197DD51EA9378300D2B1D1 /* NotesViewModel.swift */ = {isa = PBXFileReference; fileEncoding = 4; lastKnownFileType = sourcecode.swift; path = NotesViewModel.swift; sourceTree = "<group>"; };
		D1197DD71EA93D9C00D2B1D1 /* UITableViewExtension.swift */ = {isa = PBXFileReference; fileEncoding = 4; lastKnownFileType = sourcecode.swift; path = UITableViewExtension.swift; sourceTree = "<group>"; };
		D11B3A901E621D0A00831212 /* StringExtension.swift */ = {isa = PBXFileReference; fileEncoding = 4; lastKnownFileType = sourcecode.swift; path = StringExtension.swift; sourceTree = "<group>"; };
		D11B3A921E624ED000831212 /* GeneralPrayerCollectionViewCell.swift */ = {isa = PBXFileReference; fileEncoding = 4; lastKnownFileType = sourcecode.swift; path = GeneralPrayerCollectionViewCell.swift; sourceTree = "<group>"; };
		D1264EC41E4A6C5A007123AD /* CalendarResetModalView.swift */ = {isa = PBXFileReference; fileEncoding = 4; lastKnownFileType = sourcecode.swift; path = CalendarResetModalView.swift; sourceTree = "<group>"; };
		D12CDA051EA57E03005A857C /* PrayersListHeaderView.swift */ = {isa = PBXFileReference; fileEncoding = 4; lastKnownFileType = sourcecode.swift; path = PrayersListHeaderView.swift; sourceTree = "<group>"; };
		D13B4A791E5292F400069FEB /* StartingPrayerCollectionViewCell.swift */ = {isa = PBXFileReference; fileEncoding = 4; lastKnownFileType = sourcecode.swift; path = StartingPrayerCollectionViewCell.swift; sourceTree = "<group>"; };
		D13B4A7B1E52930F00069FEB /* MainPrayerCollectionViewCell.swift */ = {isa = PBXFileReference; fileEncoding = 4; lastKnownFileType = sourcecode.swift; path = MainPrayerCollectionViewCell.swift; sourceTree = "<group>"; };
		D13B4A7D1E52931800069FEB /* EndingPrayerCollectionViewCell.swift */ = {isa = PBXFileReference; fileEncoding = 4; lastKnownFileType = sourcecode.swift; path = EndingPrayerCollectionViewCell.swift; sourceTree = "<group>"; };
		D13B4A7F1E5294FE00069FEB /* PrayersViewController.swift */ = {isa = PBXFileReference; fileEncoding = 4; lastKnownFileType = sourcecode.swift; path = PrayersViewController.swift; sourceTree = "<group>"; };
		D13B4A811E52980C00069FEB /* RosaryPrayer.swift */ = {isa = PBXFileReference; fileEncoding = 4; lastKnownFileType = sourcecode.swift; path = RosaryPrayer.swift; sourceTree = "<group>"; };
		D1433DA41E74C3AD00B05CBB /* AppCommon.swift */ = {isa = PBXFileReference; fileEncoding = 4; lastKnownFileType = sourcecode.swift; path = AppCommon.swift; sourceTree = "<group>"; };
		D1433DA81E74C41B00B05CBB /* RosaryColor.swift */ = {isa = PBXFileReference; fileEncoding = 4; lastKnownFileType = sourcecode.swift; path = RosaryColor.swift; sourceTree = "<group>"; };
		D1433DAA1E74D2DE00B05CBB /* RosaryMysteryType.swift */ = {isa = PBXFileReference; fileEncoding = 4; lastKnownFileType = sourcecode.swift; path = RosaryMysteryType.swift; sourceTree = "<group>"; };
		D1443FAF1E4483C200EB66DB /* CalendarHeaderView.xib */ = {isa = PBXFileReference; fileEncoding = 4; lastKnownFileType = file.xib; path = CalendarHeaderView.xib; sourceTree = "<group>"; };
		D1443FB11E44887B00EB66DB /* CalendarHeaderView.swift */ = {isa = PBXFileReference; fileEncoding = 4; lastKnownFileType = sourcecode.swift; path = CalendarHeaderView.swift; sourceTree = "<group>"; };
		D1443FB31E4856E200EB66DB /* CalendarViewController.swift */ = {isa = PBXFileReference; fileEncoding = 4; lastKnownFileType = sourcecode.swift; path = CalendarViewController.swift; sourceTree = "<group>"; };
		D1443FB51E492F1F00EB66DB /* GeneralPrayerType.swift */ = {isa = PBXFileReference; fileEncoding = 4; lastKnownFileType = sourcecode.swift; path = GeneralPrayerType.swift; sourceTree = "<group>"; };
		D155C8D71E1D7CF400236BF0 /* rosaryPrayers.json */ = {isa = PBXFileReference; fileEncoding = 4; lastKnownFileType = text.json; path = rosaryPrayers.json; sourceTree = "<group>"; };
		D15E7B491EB3CF900015EA73 /* CreditsViewController.swift */ = {isa = PBXFileReference; fileEncoding = 4; lastKnownFileType = sourcecode.swift; path = CreditsViewController.swift; sourceTree = "<group>"; };
		D15E7B4B1EB3D09E0015EA73 /* ArrayExtension.swift */ = {isa = PBXFileReference; fileEncoding = 4; lastKnownFileType = sourcecode.swift; path = ArrayExtension.swift; sourceTree = "<group>"; };
		D172E00C1EA9809000BD9B07 /* NoteEditViewModel.swift */ = {isa = PBXFileReference; fileEncoding = 4; lastKnownFileType = sourcecode.swift; path = NoteEditViewModel.swift; sourceTree = "<group>"; };
		D17AEA4E1E7DCE10005CA1F2 /* NotesViewController.swift */ = {isa = PBXFileReference; fileEncoding = 4; lastKnownFileType = sourcecode.swift; path = NotesViewController.swift; sourceTree = "<group>"; };
		D17AEA501E7DD014005CA1F2 /* PrayerNote.swift */ = {isa = PBXFileReference; fileEncoding = 4; lastKnownFileType = sourcecode.swift; path = PrayerNote.swift; sourceTree = "<group>"; };
		D17AEA521E7DDBFA005CA1F2 /* NoteEditViewController.swift */ = {isa = PBXFileReference; fileEncoding = 4; lastKnownFileType = sourcecode.swift; path = NoteEditViewController.swift; sourceTree = "<group>"; };
		D17C4F4B1E8751B80070DA0A /* MainTabBarController.swift */ = {isa = PBXFileReference; fileEncoding = 4; lastKnownFileType = sourcecode.swift; path = MainTabBarController.swift; sourceTree = "<group>"; };
		D17EEA721E3D4501005645C4 /* CalendarDayCellView.xib */ = {isa = PBXFileReference; fileEncoding = 4; lastKnownFileType = file.xib; path = CalendarDayCellView.xib; sourceTree = "<group>"; };
		D17EEA741E3D4591005645C4 /* CalendarDayCellView.swift */ = {isa = PBXFileReference; fileEncoding = 4; lastKnownFileType = sourcecode.swift; path = CalendarDayCellView.swift; sourceTree = "<group>"; };
		D17EEA9A1E3EE532005645C4 /* PrayersListCollectionViewCell.swift */ = {isa = PBXFileReference; fileEncoding = 4; lastKnownFileType = sourcecode.swift; path = PrayersListCollectionViewCell.swift; sourceTree = "<group>"; };
		D1A1BBF41E4D6AA00003DE73 /* RosaryPeriod.swift */ = {isa = PBXFileReference; fileEncoding = 4; lastKnownFileType = sourcecode.swift; path = RosaryPeriod.swift; sourceTree = "<group>"; };
		D1A5D08B1EB2CE4D001C1FFA /* CalendarViewModel.swift */ = {isa = PBXFileReference; fileEncoding = 4; lastKnownFileType = sourcecode.swift; path = CalendarViewModel.swift; sourceTree = "<group>"; };
		D1A9970F1E8D9BC5003C5C5C /* PrayersListViewModel.swift */ = {isa = PBXFileReference; fileEncoding = 4; lastKnownFileType = sourcecode.swift; path = PrayersListViewModel.swift; sourceTree = "<group>"; };
		D1A997111E8DA8C3003C5C5C /* PrayersViewModel.swift */ = {isa = PBXFileReference; fileEncoding = 4; lastKnownFileType = sourcecode.swift; path = PrayersViewModel.swift; sourceTree = "<group>"; };
		D1CFD60E1E15BFFE00E5FE23 /* AppDelegate.swift */ = {isa = PBXFileReference; lastKnownFileType = sourcecode.swift; path = AppDelegate.swift; sourceTree = "<group>"; };
		D1CFD6101E15BFFE00E5FE23 /* PrayersListViewController.swift */ = {isa = PBXFileReference; lastKnownFileType = sourcecode.swift; path = PrayersListViewController.swift; sourceTree = "<group>"; };
		D1CFD6131E15BFFE00E5FE23 /* Base */ = {isa = PBXFileReference; lastKnownFileType = file.storyboard; name = Base; path = Base.lproj/Main.storyboard; sourceTree = "<group>"; };
		D1CFD61B1E15BFFE00E5FE23 /* Base */ = {isa = PBXFileReference; lastKnownFileType = file.storyboard; name = Base; path = Base.lproj/LaunchScreen.storyboard; sourceTree = "<group>"; };
		D1CFD61D1E15BFFE00E5FE23 /* Info.plist */ = {isa = PBXFileReference; lastKnownFileType = text.plist.xml; path = Info.plist; sourceTree = "<group>"; };
		D1CFD6231E15C70200E5FE23 /* ColorExtension.swift */ = {isa = PBXFileReference; fileEncoding = 4; lastKnownFileType = sourcecode.swift; path = ColorExtension.swift; sourceTree = "<group>"; };
		D1D4DADB1EA7E83E00933379 /* Prayer.swift */ = {isa = PBXFileReference; fileEncoding = 4; lastKnownFileType = sourcecode.swift; path = Prayer.swift; sourceTree = "<group>"; };
		D1D521B51E64CE86007B03C1 /* Assets.xcassets */ = {isa = PBXFileReference; lastKnownFileType = folder.assetcatalog; path = Assets.xcassets; sourceTree = "<group>"; };
		D1D521B71E651252007B03C1 /* CreditsModalViewController.swift */ = {isa = PBXFileReference; fileEncoding = 4; lastKnownFileType = sourcecode.swift; path = CreditsModalViewController.swift; sourceTree = "<group>"; };
		D1D521B91E651CDE007B03C1 /* PrayersCollectionHeaderView.swift */ = {isa = PBXFileReference; fileEncoding = 4; lastKnownFileType = sourcecode.swift; path = PrayersCollectionHeaderView.swift; sourceTree = "<group>"; };
		D1DAD02A1E415CA9002300FC /* UIViewExtension.swift */ = {isa = PBXFileReference; fileEncoding = 4; lastKnownFileType = sourcecode.swift; path = UIViewExtension.swift; sourceTree = "<group>"; };
		D1DAD0361E42F7DE002300FC /* CalendarViewControllerExtension.swift */ = {isa = PBXFileReference; fileEncoding = 4; lastKnownFileType = sourcecode.swift; path = CalendarViewControllerExtension.swift; sourceTree = "<group>"; };
		D1F65A131EA65DA300803867 /* PrayerType.swift */ = {isa = PBXFileReference; fileEncoding = 4; lastKnownFileType = sourcecode.swift; path = PrayerType.swift; sourceTree = "<group>"; };
		D1FDDF2C1E28A429003B4189 /* prayers.json */ = {isa = PBXFileReference; fileEncoding = 4; lastKnownFileType = text.json; path = prayers.json; sourceTree = "<group>"; };
		D1FDDF2E1E28A469003B4189 /* GeneralPrayer.swift */ = {isa = PBXFileReference; fileEncoding = 4; lastKnownFileType = sourcecode.swift; path = GeneralPrayer.swift; sourceTree = "<group>"; };
/* End PBXFileReference section */

/* Begin PBXFrameworksBuildPhase section */
		D1CFD6081E15BFFE00E5FE23 /* Frameworks */ = {
			isa = PBXFrameworksBuildPhase;
			buildActionMask = 2147483647;
			files = (
				C5649DD73D7B6B7B2F3568AC /* Pods_54Days.framework in Frameworks */,
			);
			runOnlyForDeploymentPostprocessing = 0;
		};
/* End PBXFrameworksBuildPhase section */

/* Begin PBXGroup section */
		D15E7B4D1EB3D8950015EA73 /* MoreTab */ = {
			isa = PBXGroup;
			children = (
				D15E7B491EB3CF900015EA73 /* CreditsViewController.swift */,
			);
			name = MoreTab;
			sourceTree = "<group>";
		};
		D15E7B4E1EB3D8A80015EA73 /* NotUsed */ = {
			isa = PBXGroup;
			children = (
				D1D521B71E651252007B03C1 /* CreditsModalViewController.swift */,
			);
			name = NotUsed;
			sourceTree = "<group>";
		};
		D17EEA941E3D781A005645C4 /* JTAppleCalendar */ = {
			isa = PBXGroup;
			children = (
				D17EEA721E3D4501005645C4 /* CalendarDayCellView.xib */,
				D17EEA741E3D4591005645C4 /* CalendarDayCellView.swift */,
				D1443FAF1E4483C200EB66DB /* CalendarHeaderView.xib */,
				D1443FB11E44887B00EB66DB /* CalendarHeaderView.swift */,
			);
			name = JTAppleCalendar;
			sourceTree = "<group>";
		};
		D17EEA951E3D782E005645C4 /* JSON Files */ = {
			isa = PBXGroup;
			children = (
				D1FDDF2C1E28A429003B4189 /* prayers.json */,
				D155C8D71E1D7CF400236BF0 /* rosaryPrayers.json */,
			);
			name = "JSON Files";
			sourceTree = "<group>";
		};
		D1B0C8C31EA7ECAE00CCEBB9 /* Model */ = {
			isa = PBXGroup;
			children = (
				D1F65A131EA65DA300803867 /* PrayerType.swift */,
			);
			name = Model;
			sourceTree = "<group>";
		};
		D1B0C8C51EA7ED2100CCEBB9 /* PrayersTab */ = {
			isa = PBXGroup;
			children = (
				D1DAD0351E42A852002300FC /* PrayersListVC */,
				D1DAD0331E42A832002300FC /* PrayerVC */,
			);
			name = PrayersTab;
			sourceTree = "<group>";
		};
		D1B0C8C61EA7ED3300CCEBB9 /* CalendarTab */ = {
			isa = PBXGroup;
			children = (
				D1D521B21E64C4A0007B03C1 /* CalendarVC */,
				D17EEA941E3D781A005645C4 /* JTAppleCalendar */,
			);
			name = CalendarTab;
			sourceTree = "<group>";
		};
		D1B0C8C71EA7F15700CCEBB9 /* PrayerNotesTab */ = {
			isa = PBXGroup;
			children = (
				D1C0DFAD1EB17B4D00681F08 /* RealmModel */,
				D1C0DFAE1EB17B6900681F08 /* NotesVC */,
				D1C0DFAF1EB17B7C00681F08 /* NoteEditVC */,
			);
			name = PrayerNotesTab;
			sourceTree = "<group>";
		};
		D1C0DFAB1EB17B0B00681F08 /* Model */ = {
			isa = PBXGroup;
			children = (
				D1D4DADB1EA7E83E00933379 /* Prayer.swift */,
			);
			name = Model;
			sourceTree = "<group>";
		};
		D1C0DFAD1EB17B4D00681F08 /* RealmModel */ = {
			isa = PBXGroup;
			children = (
				D17AEA501E7DD014005CA1F2 /* PrayerNote.swift */,
			);
			name = RealmModel;
			sourceTree = "<group>";
		};
		D1C0DFAE1EB17B6900681F08 /* NotesVC */ = {
			isa = PBXGroup;
			children = (
				D17AEA4E1E7DCE10005CA1F2 /* NotesViewController.swift */,
				D1197DD51EA9378300D2B1D1 /* NotesViewModel.swift */,
			);
			name = NotesVC;
			sourceTree = "<group>";
		};
		D1C0DFAF1EB17B7C00681F08 /* NoteEditVC */ = {
			isa = PBXGroup;
			children = (
				D172E00C1EA9809000BD9B07 /* NoteEditViewModel.swift */,
				D17AEA521E7DDBFA005CA1F2 /* NoteEditViewController.swift */,
			);
			name = NoteEditVC;
			sourceTree = "<group>";
		};
		D1CFD6021E15BFFE00E5FE23 = {
			isa = PBXGroup;
			children = (
				D1CFD60D1E15BFFE00E5FE23 /* 54Days */,
				E345FC7B71F21C29BB6D93C8 /* Pods */,
				F6CA92315A1211F70729CB6C /* Frameworks */,
				D102FF101EB1833700C6178A /* 54Days.app */,
			);
			sourceTree = "<group>";
		};
		D1CFD60D1E15BFFE00E5FE23 /* 54Days */ = {
			isa = PBXGroup;
			children = (
				D1D521B51E64CE86007B03C1 /* Assets.xcassets */,
				D1CFD6121E15BFFE00E5FE23 /* Main.storyboard */,
				D1CFD61A1E15BFFE00E5FE23 /* LaunchScreen.storyboard */,
				D1CFD60E1E15BFFE00E5FE23 /* AppDelegate.swift */,
				D1433DA41E74C3AD00B05CBB /* AppCommon.swift */,
				D17C4F4B1E8751B80070DA0A /* MainTabBarController.swift */,
				D15E7B4E1EB3D8A80015EA73 /* NotUsed */,
				D1DAD0391E42F80D002300FC /* Common Extensions */,
				D1DAD0381E42F7FC002300FC /* CommonModel */,
				D1B0C8C51EA7ED2100CCEBB9 /* PrayersTab */,
				D1B0C8C71EA7F15700CCEBB9 /* PrayerNotesTab */,
				D1B0C8C61EA7ED3300CCEBB9 /* CalendarTab */,
				D15E7B4D1EB3D8950015EA73 /* MoreTab */,
				D17EEA951E3D782E005645C4 /* JSON Files */,
				D1CFD61D1E15BFFE00E5FE23 /* Info.plist */,
			);
			path = 54Days;
			sourceTree = "<group>";
		};
		D1D4DADA1EA7E77400933379 /* Realm */ = {
			isa = PBXGroup;
			children = (
				D1A1BBF41E4D6AA00003DE73 /* RosaryPeriod.swift */,
			);
			name = Realm;
			sourceTree = "<group>";
		};
		D1D521B21E64C4A0007B03C1 /* CalendarVC */ = {
			isa = PBXGroup;
			children = (
				D1264EC41E4A6C5A007123AD /* CalendarResetModalView.swift */,
				D1DAD0361E42F7DE002300FC /* CalendarViewControllerExtension.swift */,
				D1443FB31E4856E200EB66DB /* CalendarViewController.swift */,
				D1A5D08B1EB2CE4D001C1FFA /* CalendarViewModel.swift */,
			);
			name = CalendarVC;
			sourceTree = "<group>";
		};
		D1DAD0321E42A80A002300FC /* PrayersColViewCells */ = {
			isa = PBXGroup;
			children = (
				D1D521B91E651CDE007B03C1 /* PrayersCollectionHeaderView.swift */,
				D13B4A791E5292F400069FEB /* StartingPrayerCollectionViewCell.swift */,
				D13B4A7B1E52930F00069FEB /* MainPrayerCollectionViewCell.swift */,
				D13B4A7D1E52931800069FEB /* EndingPrayerCollectionViewCell.swift */,
				D11B3A921E624ED000831212 /* GeneralPrayerCollectionViewCell.swift */,
			);
			name = PrayersColViewCells;
			sourceTree = "<group>";
		};
		D1DAD0331E42A832002300FC /* PrayerVC */ = {
			isa = PBXGroup;
			children = (
				D1C0DFAB1EB17B0B00681F08 /* Model */,
				D1DAD0321E42A80A002300FC /* PrayersColViewCells */,
				D1A997111E8DA8C3003C5C5C /* PrayersViewModel.swift */,
				D13B4A7F1E5294FE00069FEB /* PrayersViewController.swift */,
			);
			name = PrayerVC;
			sourceTree = "<group>";
		};
		D1DAD0351E42A852002300FC /* PrayersListVC */ = {
			isa = PBXGroup;
			children = (
				D1B0C8C31EA7ECAE00CCEBB9 /* Model */,
				D1F65A121EA6579C00803867 /* PrayersListColViewCells */,
				D1A9970F1E8D9BC5003C5C5C /* PrayersListViewModel.swift */,
				D1CFD6101E15BFFE00E5FE23 /* PrayersListViewController.swift */,
			);
			name = PrayersListVC;
			sourceTree = "<group>";
		};
		D1DAD0381E42F7FC002300FC /* CommonModel */ = {
			isa = PBXGroup;
			children = (
				D1D4DADA1EA7E77400933379 /* Realm */,
				D13B4A811E52980C00069FEB /* RosaryPrayer.swift */,
				D1433DAA1E74D2DE00B05CBB /* RosaryMysteryType.swift */,
				D1FDDF2E1E28A469003B4189 /* GeneralPrayer.swift */,
				D1443FB51E492F1F00EB66DB /* GeneralPrayerType.swift */,
				D1433DA81E74C41B00B05CBB /* RosaryColor.swift */,
			);
			name = CommonModel;
			sourceTree = "<group>";
		};
		D1DAD0391E42F80D002300FC /* Common Extensions */ = {
			isa = PBXGroup;
			children = (
				D1CFD6231E15C70200E5FE23 /* ColorExtension.swift */,
				D1DAD02A1E415CA9002300FC /* UIViewExtension.swift */,
				D11B3A901E621D0A00831212 /* StringExtension.swift */,
				D1197DD71EA93D9C00D2B1D1 /* UITableViewExtension.swift */,
				D15E7B4B1EB3D09E0015EA73 /* ArrayExtension.swift */,
			);
			name = "Common Extensions";
			sourceTree = "<group>";
		};
		D1F65A121EA6579C00803867 /* PrayersListColViewCells */ = {
			isa = PBXGroup;
			children = (
				D12CDA051EA57E03005A857C /* PrayersListHeaderView.swift */,
				D17EEA9A1E3EE532005645C4 /* PrayersListCollectionViewCell.swift */,
			);
			name = PrayersListColViewCells;
			sourceTree = "<group>";
		};
		E345FC7B71F21C29BB6D93C8 /* Pods */ = {
			isa = PBXGroup;
			children = (
				9280CFE11836EE8FA675D593 /* Pods-54Days.debug.xcconfig */,
				45C08E12F89B9E26CD63F6C7 /* Pods-54Days.release.xcconfig */,
			);
			name = Pods;
			sourceTree = "<group>";
		};
		F6CA92315A1211F70729CB6C /* Frameworks */ = {
			isa = PBXGroup;
			children = (
				CE6CFBD32541CC9432F89DC4 /* Pods_54Days.framework */,
			);
			name = Frameworks;
			sourceTree = "<group>";
		};
/* End PBXGroup section */

/* Begin PBXNativeTarget section */
		D1CFD60A1E15BFFE00E5FE23 /* 54Days */ = {
			isa = PBXNativeTarget;
			buildConfigurationList = D1CFD6201E15BFFE00E5FE23 /* Build configuration list for PBXNativeTarget "54Days" */;
			buildPhases = (
				67D11C7A12664ED2E3C4ACD8 /* [CP] Check Pods Manifest.lock */,
				D1CFD6071E15BFFE00E5FE23 /* Sources */,
				D1CFD6081E15BFFE00E5FE23 /* Frameworks */,
				D1CFD6091E15BFFE00E5FE23 /* Resources */,
				3D02B13B357C4C4CA1339950 /* [CP] Embed Pods Frameworks */,
				09A2222765017188E58C5FF5 /* [CP] Copy Pods Resources */,
			);
			buildRules = (
			);
			dependencies = (
			);
			name = 54Days;
			productName = Rosary;
			productReference = D102FF101EB1833700C6178A /* 54Days.app */;
			productType = "com.apple.product-type.application";
		};
/* End PBXNativeTarget section */

/* Begin PBXProject section */
		D1CFD6031E15BFFE00E5FE23 /* Project object */ = {
			isa = PBXProject;
			attributes = {
				LastSwiftUpdateCheck = 0810;
				LastUpgradeCheck = 0830;
				ORGANIZATIONNAME = sang;
				TargetAttributes = {
					D1CFD60A1E15BFFE00E5FE23 = {
						CreatedOnToolsVersion = 8.1;
						DevelopmentTeam = 9P4ACRKSW7;
						ProvisioningStyle = Automatic;
					};
				};
			};
			buildConfigurationList = D1CFD6061E15BFFE00E5FE23 /* Build configuration list for PBXProject "54Days" */;
			compatibilityVersion = "Xcode 3.2";
			developmentRegion = English;
			hasScannedForEncodings = 0;
			knownRegions = (
				en,
				Base,
			);
			mainGroup = D1CFD6021E15BFFE00E5FE23;
			productRefGroup = D1CFD6021E15BFFE00E5FE23;
			projectDirPath = "";
			projectRoot = "";
			targets = (
				D1CFD60A1E15BFFE00E5FE23 /* 54Days */,
			);
		};
/* End PBXProject section */

/* Begin PBXResourcesBuildPhase section */
		D1CFD6091E15BFFE00E5FE23 /* Resources */ = {
			isa = PBXResourcesBuildPhase;
			buildActionMask = 2147483647;
			files = (
				D17EEA731E3D4501005645C4 /* CalendarDayCellView.xib in Resources */,
				D1443FB01E4483C200EB66DB /* CalendarHeaderView.xib in Resources */,
				D1FDDF2D1E28A429003B4189 /* prayers.json in Resources */,
				D1CFD61C1E15BFFE00E5FE23 /* LaunchScreen.storyboard in Resources */,
				D1D521B61E64CE86007B03C1 /* Assets.xcassets in Resources */,
				D155C8D81E1D7CF400236BF0 /* rosaryPrayers.json in Resources */,
				D1CFD6141E15BFFE00E5FE23 /* Main.storyboard in Resources */,
			);
			runOnlyForDeploymentPostprocessing = 0;
		};
/* End PBXResourcesBuildPhase section */

/* Begin PBXShellScriptBuildPhase section */
		09A2222765017188E58C5FF5 /* [CP] Copy Pods Resources */ = {
			isa = PBXShellScriptBuildPhase;
			buildActionMask = 2147483647;
			files = (
			);
			inputPaths = (
			);
			name = "[CP] Copy Pods Resources";
			outputPaths = (
			);
			runOnlyForDeploymentPostprocessing = 0;
			shellPath = /bin/sh;
			shellScript = "\"${SRCROOT}/Pods/Target Support Files/Pods-54Days/Pods-54Days-resources.sh\"\n";
			showEnvVarsInLog = 0;
		};
		3D02B13B357C4C4CA1339950 /* [CP] Embed Pods Frameworks */ = {
			isa = PBXShellScriptBuildPhase;
			buildActionMask = 2147483647;
			files = (
			);
			inputPaths = (
			);
			name = "[CP] Embed Pods Frameworks";
			outputPaths = (
			);
			runOnlyForDeploymentPostprocessing = 0;
			shellPath = /bin/sh;
			shellScript = "\"${SRCROOT}/Pods/Target Support Files/Pods-54Days/Pods-54Days-frameworks.sh\"\n";
			showEnvVarsInLog = 0;
		};
		67D11C7A12664ED2E3C4ACD8 /* [CP] Check Pods Manifest.lock */ = {
			isa = PBXShellScriptBuildPhase;
			buildActionMask = 2147483647;
			files = (
			);
			inputPaths = (
			);
			name = "[CP] Check Pods Manifest.lock";
			outputPaths = (
			);
			runOnlyForDeploymentPostprocessing = 0;
			shellPath = /bin/sh;
			shellScript = "diff \"${PODS_ROOT}/../Podfile.lock\" \"${PODS_ROOT}/Manifest.lock\" > /dev/null\nif [ $? != 0 ] ; then\n    # print error to STDERR\n    echo \"error: The sandbox is not in sync with the Podfile.lock. Run 'pod install' or update your CocoaPods installation.\" >&2\n    exit 1\nfi\n";
			showEnvVarsInLog = 0;
		};
/* End PBXShellScriptBuildPhase section */

/* Begin PBXSourcesBuildPhase section */
		D1CFD6071E15BFFE00E5FE23 /* Sources */ = {
			isa = PBXSourcesBuildPhase;
			buildActionMask = 2147483647;
			files = (
				D13B4A7E1E52931800069FEB /* EndingPrayerCollectionViewCell.swift in Sources */,
				D1D521B81E651252007B03C1 /* CreditsModalViewController.swift in Sources */,
				D17C4F4C1E8751B80070DA0A /* MainTabBarController.swift in Sources */,
				D1FDDF2F1E28A469003B4189 /* GeneralPrayer.swift in Sources */,
				D1A997121E8DA8C3003C5C5C /* PrayersViewModel.swift in Sources */,
				D17EEA9B1E3EE532005645C4 /* PrayersListCollectionViewCell.swift in Sources */,
				D1D4DADC1EA7E83E00933379 /* Prayer.swift in Sources */,
				D11B3A931E624ED000831212 /* GeneralPrayerCollectionViewCell.swift in Sources */,
				D1264EC51E4A6C5A007123AD /* CalendarResetModalView.swift in Sources */,
				D1F65A141EA65DA300803867 /* PrayerType.swift in Sources */,
				D11B3A911E621D0A00831212 /* StringExtension.swift in Sources */,
				D1443FB21E44887B00EB66DB /* CalendarHeaderView.swift in Sources */,
				D1CFD6111E15BFFE00E5FE23 /* PrayersListViewController.swift in Sources */,
				D15E7B4A1EB3CF900015EA73 /* CreditsViewController.swift in Sources */,
				D15E7B4C1EB3D09E0015EA73 /* ArrayExtension.swift in Sources */,
				D1443FB41E4856E200EB66DB /* CalendarViewController.swift in Sources */,
				D1433DA51E74C3AD00B05CBB /* AppCommon.swift in Sources */,
				D17EEA751E3D4591005645C4 /* CalendarDayCellView.swift in Sources */,
				D13B4A7A1E5292F500069FEB /* StartingPrayerCollectionViewCell.swift in Sources */,
				D17AEA4F1E7DCE10005CA1F2 /* NotesViewController.swift in Sources */,
				D1433DAB1E74D2DE00B05CBB /* RosaryMysteryType.swift in Sources */,
				D1CFD60F1E15BFFE00E5FE23 /* AppDelegate.swift in Sources */,
				D1197DD81EA93D9C00D2B1D1 /* UITableViewExtension.swift in Sources */,
				D1A997101E8D9BC5003C5C5C /* PrayersListViewModel.swift in Sources */,
				D1A1BBF51E4D6AA00003DE73 /* RosaryPeriod.swift in Sources */,
				D1DAD02B1E415CA9002300FC /* UIViewExtension.swift in Sources */,
				D1443FB61E492F1F00EB66DB /* GeneralPrayerType.swift in Sources */,
				D13B4A821E52980C00069FEB /* RosaryPrayer.swift in Sources */,
				D17AEA531E7DDBFA005CA1F2 /* NoteEditViewController.swift in Sources */,
				D172E00D1EA9809000BD9B07 /* NoteEditViewModel.swift in Sources */,
				D13B4A7C1E52930F00069FEB /* MainPrayerCollectionViewCell.swift in Sources */,
				D1D521BA1E651CDE007B03C1 /* PrayersCollectionHeaderView.swift in Sources */,
				D1433DA91E74C41B00B05CBB /* RosaryColor.swift in Sources */,
				D17AEA511E7DD014005CA1F2 /* PrayerNote.swift in Sources */,
				D1A5D08C1EB2CE4D001C1FFA /* CalendarViewModel.swift in Sources */,
				D1DAD0371E42F7DE002300FC /* CalendarViewControllerExtension.swift in Sources */,
				D1197DD61EA9378300D2B1D1 /* NotesViewModel.swift in Sources */,
				D13B4A801E5294FE00069FEB /* PrayersViewController.swift in Sources */,
				D12CDA061EA57E03005A857C /* PrayersListHeaderView.swift in Sources */,
				D1CFD6241E15C70200E5FE23 /* ColorExtension.swift in Sources */,
			);
			runOnlyForDeploymentPostprocessing = 0;
		};
/* End PBXSourcesBuildPhase section */

/* Begin PBXVariantGroup section */
		D1CFD6121E15BFFE00E5FE23 /* Main.storyboard */ = {
			isa = PBXVariantGroup;
			children = (
				D1CFD6131E15BFFE00E5FE23 /* Base */,
			);
			name = Main.storyboard;
			sourceTree = "<group>";
		};
		D1CFD61A1E15BFFE00E5FE23 /* LaunchScreen.storyboard */ = {
			isa = PBXVariantGroup;
			children = (
				D1CFD61B1E15BFFE00E5FE23 /* Base */,
			);
			name = LaunchScreen.storyboard;
			sourceTree = "<group>";
		};
/* End PBXVariantGroup section */

/* Begin XCBuildConfiguration section */
		D1CFD61E1E15BFFE00E5FE23 /* Debug */ = {
			isa = XCBuildConfiguration;
			buildSettings = {
				ALWAYS_SEARCH_USER_PATHS = NO;
				CLANG_ANALYZER_NONNULL = YES;
				CLANG_CXX_LANGUAGE_STANDARD = "gnu++0x";
				CLANG_CXX_LIBRARY = "libc++";
				CLANG_ENABLE_MODULES = YES;
				CLANG_ENABLE_OBJC_ARC = YES;
				CLANG_WARN_BOOL_CONVERSION = YES;
				CLANG_WARN_CONSTANT_CONVERSION = YES;
				CLANG_WARN_DIRECT_OBJC_ISA_USAGE = YES_ERROR;
				CLANG_WARN_DOCUMENTATION_COMMENTS = YES;
				CLANG_WARN_EMPTY_BODY = YES;
				CLANG_WARN_ENUM_CONVERSION = YES;
				CLANG_WARN_INFINITE_RECURSION = YES;
				CLANG_WARN_INT_CONVERSION = YES;
				CLANG_WARN_OBJC_ROOT_CLASS = YES_ERROR;
				CLANG_WARN_SUSPICIOUS_MOVE = YES;
				CLANG_WARN_SUSPICIOUS_MOVES = YES;
				CLANG_WARN_UNREACHABLE_CODE = YES;
				CLANG_WARN__DUPLICATE_METHOD_MATCH = YES;
				"CODE_SIGN_IDENTITY[sdk=iphoneos*]" = "iPhone Developer";
				COPY_PHASE_STRIP = NO;
				DEBUG_INFORMATION_FORMAT = dwarf;
				ENABLE_STRICT_OBJC_MSGSEND = YES;
				ENABLE_TESTABILITY = YES;
				GCC_C_LANGUAGE_STANDARD = gnu99;
				GCC_DYNAMIC_NO_PIC = NO;
				GCC_NO_COMMON_BLOCKS = YES;
				GCC_OPTIMIZATION_LEVEL = 0;
				GCC_PREPROCESSOR_DEFINITIONS = (
					"DEBUG=1",
					"$(inherited)",
				);
				GCC_WARN_64_TO_32_BIT_CONVERSION = YES;
				GCC_WARN_ABOUT_RETURN_TYPE = YES_ERROR;
				GCC_WARN_UNDECLARED_SELECTOR = YES;
				GCC_WARN_UNINITIALIZED_AUTOS = YES_AGGRESSIVE;
				GCC_WARN_UNUSED_FUNCTION = YES;
				GCC_WARN_UNUSED_VARIABLE = YES;
				IPHONEOS_DEPLOYMENT_TARGET = 9.0;
				MTL_ENABLE_DEBUG_INFO = YES;
				ONLY_ACTIVE_ARCH = YES;
				SDKROOT = iphoneos;
				SWIFT_ACTIVE_COMPILATION_CONDITIONS = DEBUG;
				SWIFT_OPTIMIZATION_LEVEL = "-Onone";
				TARGETED_DEVICE_FAMILY = "1,2";
			};
			name = Debug;
		};
		D1CFD61F1E15BFFE00E5FE23 /* Release */ = {
			isa = XCBuildConfiguration;
			buildSettings = {
				ALWAYS_SEARCH_USER_PATHS = NO;
				CLANG_ANALYZER_NONNULL = YES;
				CLANG_CXX_LANGUAGE_STANDARD = "gnu++0x";
				CLANG_CXX_LIBRARY = "libc++";
				CLANG_ENABLE_MODULES = YES;
				CLANG_ENABLE_OBJC_ARC = YES;
				CLANG_WARN_BOOL_CONVERSION = YES;
				CLANG_WARN_CONSTANT_CONVERSION = YES;
				CLANG_WARN_DIRECT_OBJC_ISA_USAGE = YES_ERROR;
				CLANG_WARN_DOCUMENTATION_COMMENTS = YES;
				CLANG_WARN_EMPTY_BODY = YES;
				CLANG_WARN_ENUM_CONVERSION = YES;
				CLANG_WARN_INFINITE_RECURSION = YES;
				CLANG_WARN_INT_CONVERSION = YES;
				CLANG_WARN_OBJC_ROOT_CLASS = YES_ERROR;
				CLANG_WARN_SUSPICIOUS_MOVE = YES;
				CLANG_WARN_SUSPICIOUS_MOVES = YES;
				CLANG_WARN_UNREACHABLE_CODE = YES;
				CLANG_WARN__DUPLICATE_METHOD_MATCH = YES;
				"CODE_SIGN_IDENTITY[sdk=iphoneos*]" = "iPhone Developer";
				COPY_PHASE_STRIP = NO;
				DEBUG_INFORMATION_FORMAT = "dwarf-with-dsym";
				ENABLE_NS_ASSERTIONS = NO;
				ENABLE_STRICT_OBJC_MSGSEND = YES;
				GCC_C_LANGUAGE_STANDARD = gnu99;
				GCC_NO_COMMON_BLOCKS = YES;
				GCC_WARN_64_TO_32_BIT_CONVERSION = YES;
				GCC_WARN_ABOUT_RETURN_TYPE = YES_ERROR;
				GCC_WARN_UNDECLARED_SELECTOR = YES;
				GCC_WARN_UNINITIALIZED_AUTOS = YES_AGGRESSIVE;
				GCC_WARN_UNUSED_FUNCTION = YES;
				GCC_WARN_UNUSED_VARIABLE = YES;
				IPHONEOS_DEPLOYMENT_TARGET = 9.0;
				MTL_ENABLE_DEBUG_INFO = NO;
				SDKROOT = iphoneos;
				SWIFT_OPTIMIZATION_LEVEL = "-Owholemodule";
				TARGETED_DEVICE_FAMILY = "1,2";
				VALIDATE_PRODUCT = YES;
			};
			name = Release;
		};
		D1CFD6211E15BFFE00E5FE23 /* Debug */ = {
			isa = XCBuildConfiguration;
			baseConfigurationReference = 9280CFE11836EE8FA675D593 /* Pods-54Days.debug.xcconfig */;
			buildSettings = {
				ALWAYS_EMBED_SWIFT_STANDARD_LIBRARIES = YES;
				ASSETCATALOG_COMPILER_APPICON_NAME = AppIcon;
				"CODE_SIGN_IDENTITY[sdk=iphoneos*]" = "iPhone Developer";
				DEVELOPMENT_TEAM = 9P4ACRKSW7;
				INFOPLIST_FILE = "$(SRCROOT)/54Days/Info.plist";
				IPHONEOS_DEPLOYMENT_TARGET = 9.0;
				LD_RUNPATH_SEARCH_PATHS = "$(inherited) @executable_path/Frameworks";
				PRODUCT_BUNDLE_IDENTIFIER = com.sang.fiftyFour;
				PRODUCT_NAME = "$(TARGET_NAME)";
				SWIFT_VERSION = 3.0;
			};
			name = Debug;
		};
		D1CFD6221E15BFFE00E5FE23 /* Release */ = {
			isa = XCBuildConfiguration;
			baseConfigurationReference = 45C08E12F89B9E26CD63F6C7 /* Pods-54Days.release.xcconfig */;
			buildSettings = {
				ALWAYS_EMBED_SWIFT_STANDARD_LIBRARIES = YES;
				ASSETCATALOG_COMPILER_APPICON_NAME = AppIcon;
				"CODE_SIGN_IDENTITY[sdk=iphoneos*]" = "iPhone Developer";
				DEVELOPMENT_TEAM = 9P4ACRKSW7;
				INFOPLIST_FILE = "$(SRCROOT)/54Days/Info.plist";
				IPHONEOS_DEPLOYMENT_TARGET = 9.0;
				LD_RUNPATH_SEARCH_PATHS = "$(inherited) @executable_path/Frameworks";
				PRODUCT_BUNDLE_IDENTIFIER = com.sang.fiftyFour;
				PRODUCT_NAME = "$(TARGET_NAME)";
				SWIFT_VERSION = 3.0;
			};
			name = Release;
		};
/* End XCBuildConfiguration section */

/* Begin XCConfigurationList section */
		D1CFD6061E15BFFE00E5FE23 /* Build configuration list for PBXProject "54Days" */ = {
			isa = XCConfigurationList;
			buildConfigurations = (
				D1CFD61E1E15BFFE00E5FE23 /* Debug */,
				D1CFD61F1E15BFFE00E5FE23 /* Release */,
			);
			defaultConfigurationIsVisible = 0;
			defaultConfigurationName = Release;
		};
		D1CFD6201E15BFFE00E5FE23 /* Build configuration list for PBXNativeTarget "54Days" */ = {
			isa = XCConfigurationList;
			buildConfigurations = (
				D1CFD6211E15BFFE00E5FE23 /* Debug */,
				D1CFD6221E15BFFE00E5FE23 /* Release */,
			);
			defaultConfigurationIsVisible = 0;
			defaultConfigurationName = Release;
		};
/* End XCConfigurationList section */
	};
	rootObject = D1CFD6031E15BFFE00E5FE23 /* Project object */;
}
